// !$*UTF8*$!
{
	archiveVersion = 1;
	classes = {
	};
	objectVersion = 50;
	objects = {

/* Begin PBXBuildFile section */
		8C65939324D06582003EC3DC /* AppDelegate.swift in Sources */ = {isa = PBXBuildFile; fileRef = 8C65939224D06582003EC3DC /* AppDelegate.swift */; };
		8C65939524D06582003EC3DC /* SceneDelegate.swift in Sources */ = {isa = PBXBuildFile; fileRef = 8C65939424D06582003EC3DC /* SceneDelegate.swift */; };
		8C65939724D06582003EC3DC /* ContentView.swift in Sources */ = {isa = PBXBuildFile; fileRef = 8C65939624D06582003EC3DC /* ContentView.swift */; };
		8C65939924D06584003EC3DC /* Assets.xcassets in Resources */ = {isa = PBXBuildFile; fileRef = 8C65939824D06584003EC3DC /* Assets.xcassets */; };
		8C65939C24D06584003EC3DC /* Preview Assets.xcassets in Resources */ = {isa = PBXBuildFile; fileRef = 8C65939B24D06584003EC3DC /* Preview Assets.xcassets */; };
		8C65939F24D06584003EC3DC /* LaunchScreen.storyboard in Resources */ = {isa = PBXBuildFile; fileRef = 8C65939D24D06584003EC3DC /* LaunchScreen.storyboard */; };
		8C6593A724D073F9003EC3DC /* CircleImage.swift in Sources */ = {isa = PBXBuildFile; fileRef = 8C6593A624D073F9003EC3DC /* CircleImage.swift */; };
		8C6593A924D07602003EC3DC /* MapView.swift in Sources */ = {isa = PBXBuildFile; fileRef = 8C6593A824D07602003EC3DC /* MapView.swift */; };
		8C6593AE24D07F6C003EC3DC /* Data.swift in Sources */ = {isa = PBXBuildFile; fileRef = 8C6593AC24D07F6C003EC3DC /* Data.swift */; };
		8C6593AF24D07F6C003EC3DC /* Landmark.swift in Sources */ = {isa = PBXBuildFile; fileRef = 8C6593AD24D07F6C003EC3DC /* Landmark.swift */; };
		8C6593B224D07F81003EC3DC /* landmarkData.json in Resources */ = {isa = PBXBuildFile; fileRef = 8C6593B124D07F81003EC3DC /* landmarkData.json */; };
/* End PBXBuildFile section */

/* Begin PBXFileReference section */
		8C65938F24D06582003EC3DC /* Landmarks.app */ = {isa = PBXFileReference; explicitFileType = wrapper.application; includeInIndex = 0; path = Landmarks.app; sourceTree = BUILT_PRODUCTS_DIR; };
		8C65939224D06582003EC3DC /* AppDelegate.swift */ = {isa = PBXFileReference; lastKnownFileType = sourcecode.swift; path = AppDelegate.swift; sourceTree = "<group>"; };
		8C65939424D06582003EC3DC /* SceneDelegate.swift */ = {isa = PBXFileReference; lastKnownFileType = sourcecode.swift; path = SceneDelegate.swift; sourceTree = "<group>"; };
		8C65939624D06582003EC3DC /* ContentView.swift */ = {isa = PBXFileReference; lastKnownFileType = sourcecode.swift; path = ContentView.swift; sourceTree = "<group>"; };
		8C65939824D06584003EC3DC /* Assets.xcassets */ = {isa = PBXFileReference; lastKnownFileType = folder.assetcatalog; path = Assets.xcassets; sourceTree = "<group>"; };
		8C65939B24D06584003EC3DC /* Preview Assets.xcassets */ = {isa = PBXFileReference; lastKnownFileType = folder.assetcatalog; path = "Preview Assets.xcassets"; sourceTree = "<group>"; };
		8C65939E24D06584003EC3DC /* Base */ = {isa = PBXFileReference; lastKnownFileType = file.storyboard; name = Base; path = Base.lproj/LaunchScreen.storyboard; sourceTree = "<group>"; };
		8C6593A024D06584003EC3DC /* Info.plist */ = {isa = PBXFileReference; lastKnownFileType = text.plist.xml; path = Info.plist; sourceTree = "<group>"; };
		8C6593A624D073F9003EC3DC /* CircleImage.swift */ = {isa = PBXFileReference; lastKnownFileType = sourcecode.swift; path = CircleImage.swift; sourceTree = "<group>"; };
		8C6593A824D07602003EC3DC /* MapView.swift */ = {isa = PBXFileReference; lastKnownFileType = sourcecode.swift; path = MapView.swift; sourceTree = "<group>"; };
		8C6593AC24D07F6C003EC3DC /* Data.swift */ = {isa = PBXFileReference; fileEncoding = 4; lastKnownFileType = sourcecode.swift; path = Data.swift; sourceTree = "<group>"; };
		8C6593AD24D07F6C003EC3DC /* Landmark.swift */ = {isa = PBXFileReference; fileEncoding = 4; lastKnownFileType = sourcecode.swift; path = Landmark.swift; sourceTree = "<group>"; };
		8C6593B124D07F81003EC3DC /* landmarkData.json */ = {isa = PBXFileReference; fileEncoding = 4; lastKnownFileType = text.json; path = landmarkData.json; sourceTree = "<group>"; };
/* End PBXFileReference section */

/* Begin PBXFrameworksBuildPhase section */
		8C65938C24D06582003EC3DC /* Frameworks */ = {
			isa = PBXFrameworksBuildPhase;
			buildActionMask = 2147483647;
			files = (
			);
			runOnlyForDeploymentPostprocessing = 0;
		};
/* End PBXFrameworksBuildPhase section */

/* Begin PBXGroup section */
		8C65938624D06582003EC3DC = {
			isa = PBXGroup;
			children = (
				8C65939124D06582003EC3DC /* Landmarks */,
				8C65939024D06582003EC3DC /* Products */,
			);
			sourceTree = "<group>";
		};
		8C65939024D06582003EC3DC /* Products */ = {
			isa = PBXGroup;
			children = (
				8C65938F24D06582003EC3DC /* Landmarks.app */,
			);
			name = Products;
			sourceTree = "<group>";
		};
		8C65939124D06582003EC3DC /* Landmarks */ = {
			isa = PBXGroup;
			children = (
				8C65939224D06582003EC3DC /* AppDelegate.swift */,
				8C65939824D06584003EC3DC /* Assets.xcassets */,
				8C6593B024D07F74003EC3DC /* Data */,
				8C6593A024D06584003EC3DC /* Info.plist */,
				8C65939D24D06584003EC3DC /* LaunchScreen.storyboard */,
				8C6593AB24D07F5B003EC3DC /* Models */,
				8C65939A24D06584003EC3DC /* Preview Content */,
				8C65939424D06582003EC3DC /* SceneDelegate.swift */,
				8C6593AA24D07F36003EC3DC /* Views */,
			);
			path = Landmarks;
			sourceTree = "<group>";
		};
		8C65939A24D06584003EC3DC /* Preview Content */ = {
			isa = PBXGroup;
			children = (
				8C65939B24D06584003EC3DC /* Preview Assets.xcassets */,
			);
			path = "Preview Content";
			sourceTree = "<group>";
		};
		8C6593AA24D07F36003EC3DC /* Views */ = {
			isa = PBXGroup;
			children = (
				8C6593A624D073F9003EC3DC /* CircleImage.swift */,
				8C65939624D06582003EC3DC /* ContentView.swift */,
				8C6593A824D07602003EC3DC /* MapView.swift */,
			);
			path = Views;
			sourceTree = "<group>";
		};
		8C6593AB24D07F5B003EC3DC /* Models */ = {
			isa = PBXGroup;
			children = (
				8C6593AC24D07F6C003EC3DC /* Data.swift */,
				8C6593AD24D07F6C003EC3DC /* Landmark.swift */,
			);
			path = Models;
			sourceTree = "<group>";
		};
		8C6593B024D07F74003EC3DC /* Data */ = {
			isa = PBXGroup;
			children = (
				8C6593B124D07F81003EC3DC /* landmarkData.json */,
			);
			path = Data;
			sourceTree = "<group>";
		};
/* End PBXGroup section */

/* Begin PBXNativeTarget section */
		8C65938E24D06582003EC3DC /* Landmarks */ = {
			isa = PBXNativeTarget;
			buildConfigurationList = 8C6593A324D06584003EC3DC /* Build configuration list for PBXNativeTarget "Landmarks" */;
			buildPhases = (
				8C65938B24D06582003EC3DC /* Sources */,
				8C65938C24D06582003EC3DC /* Frameworks */,
				8C65938D24D06582003EC3DC /* Resources */,
			);
			buildRules = (
			);
			dependencies = (
			);
			name = Landmarks;
			productName = Landmarks;
			productReference = 8C65938F24D06582003EC3DC /* Landmarks.app */;
			productType = "com.apple.product-type.application";
		};
/* End PBXNativeTarget section */

/* Begin PBXProject section */
		8C65938724D06582003EC3DC /* Project object */ = {
			isa = PBXProject;
			attributes = {
				LastSwiftUpdateCheck = 1150;
				LastUpgradeCheck = 1150;
				ORGANIZATIONNAME = "Kuba Suder";
				TargetAttributes = {
					8C65938E24D06582003EC3DC = {
						CreatedOnToolsVersion = 11.5;
					};
				};
			};
			buildConfigurationList = 8C65938A24D06582003EC3DC /* Build configuration list for PBXProject "Landmarks" */;
			compatibilityVersion = "Xcode 9.3";
			developmentRegion = en;
			hasScannedForEncodings = 0;
			knownRegions = (
				en,
				Base,
			);
			mainGroup = 8C65938624D06582003EC3DC;
			productRefGroup = 8C65939024D06582003EC3DC /* Products */;
			projectDirPath = "";
			projectRoot = "";
			targets = (
				8C65938E24D06582003EC3DC /* Landmarks */,
			);
		};
/* End PBXProject section */

/* Begin PBXResourcesBuildPhase section */
		8C65938D24D06582003EC3DC /* Resources */ = {
			isa = PBXResourcesBuildPhase;
			buildActionMask = 2147483647;
			files = (
				8C65939F24D06584003EC3DC /* LaunchScreen.storyboard in Resources */,
				8C6593B224D07F81003EC3DC /* landmarkData.json in Resources */,
				8C65939C24D06584003EC3DC /* Preview Assets.xcassets in Resources */,
				8C65939924D06584003EC3DC /* Assets.xcassets in Resources */,
			);
			runOnlyForDeploymentPostprocessing = 0;
		};
/* End PBXResourcesBuildPhase section */

/* Begin PBXSourcesBuildPhase section */
		8C65938B24D06582003EC3DC /* Sources */ = {
			isa = PBXSourcesBuildPhase;
			buildActionMask = 2147483647;
			files = (
				8C6593AF24D07F6C003EC3DC /* Landmark.swift in Sources */,
				8C65939324D06582003EC3DC /* AppDelegate.swift in Sources */,
				8C6593AE24D07F6C003EC3DC /* Data.swift in Sources */,
				8C6593A724D073F9003EC3DC /* CircleImage.swift in Sources */,
				8C6593A924D07602003EC3DC /* MapView.swift in Sources */,
				8C65939524D06582003EC3DC /* SceneDelegate.swift in Sources */,
				8C65939724D06582003EC3DC /* ContentView.swift in Sources */,
			);
			runOnlyForDeploymentPostprocessing = 0;
		};
/* End PBXSourcesBuildPhase section */

/* Begin PBXVariantGroup section */
		8C65939D24D06584003EC3DC /* LaunchScreen.storyboard */ = {
			isa = PBXVariantGroup;
			children = (
				8C65939E24D06584003EC3DC /* Base */,
			);
			name = LaunchScreen.storyboard;
			sourceTree = "<group>";
		};
/* End PBXVariantGroup section */

/* Begin XCBuildConfiguration section */
		8C6593A124D06584003EC3DC /* Debug */ = {
			isa = XCBuildConfiguration;
			buildSettings = {
				ALWAYS_SEARCH_USER_PATHS = NO;
				CLANG_ANALYZER_NONNULL = YES;
				CLANG_ANALYZER_NUMBER_OBJECT_CONVERSION = YES_AGGRESSIVE;
				CLANG_CXX_LANGUAGE_STANDARD = "gnu++14";
				CLANG_CXX_LIBRARY = "libc++";
				CLANG_ENABLE_MODULES = YES;
				CLANG_ENABLE_OBJC_ARC = YES;
				CLANG_ENABLE_OBJC_WEAK = YES;
				CLANG_WARN_BLOCK_CAPTURE_AUTORELEASING = YES;
				CLANG_WARN_BOOL_CONVERSION = YES;
				CLANG_WARN_COMMA = YES;
				CLANG_WARN_CONSTANT_CONVERSION = YES;
				CLANG_WARN_DEPRECATED_OBJC_IMPLEMENTATIONS = YES;
				CLANG_WARN_DIRECT_OBJC_ISA_USAGE = YES_ERROR;
				CLANG_WARN_DOCUMENTATION_COMMENTS = YES;
				CLANG_WARN_EMPTY_BODY = YES;
				CLANG_WARN_ENUM_CONVERSION = YES;
				CLANG_WARN_INFINITE_RECURSION = YES;
				CLANG_WARN_INT_CONVERSION = YES;
				CLANG_WARN_NON_LITERAL_NULL_CONVERSION = YES;
				CLANG_WARN_OBJC_IMPLICIT_RETAIN_SELF = YES;
				CLANG_WARN_OBJC_LITERAL_CONVERSION = YES;
				CLANG_WARN_OBJC_ROOT_CLASS = YES_ERROR;
				CLANG_WARN_RANGE_LOOP_ANALYSIS = YES;
				CLANG_WARN_STRICT_PROTOTYPES = YES;
				CLANG_WARN_SUSPICIOUS_MOVE = YES;
				CLANG_WARN_UNGUARDED_AVAILABILITY = YES_AGGRESSIVE;
				CLANG_WARN_UNREACHABLE_CODE = YES;
				CLANG_WARN__DUPLICATE_METHOD_MATCH = YES;
				COPY_PHASE_STRIP = NO;
				DEBUG_INFORMATION_FORMAT = dwarf;
				ENABLE_STRICT_OBJC_MSGSEND = YES;
				ENABLE_TESTABILITY = YES;
				GCC_C_LANGUAGE_STANDARD = gnu11;
				GCC_DYNAMIC_NO_PIC = NO;
				GCC_NO_COMMON_BLOCKS = YES;
				GCC_OPTIMIZATION_LEVEL = 0;
				GCC_PREPROCESSOR_DEFINITIONS = (
					"DEBUG=1",
					"$(inherited)",
				);
				GCC_WARN_64_TO_32_BIT_CONVERSION = YES;
				GCC_WARN_ABOUT_RETURN_TYPE = YES_ERROR;
				GCC_WARN_UNDECLARED_SELECTOR = YES;
				GCC_WARN_UNINITIALIZED_AUTOS = YES_AGGRESSIVE;
				GCC_WARN_UNUSED_FUNCTION = YES;
				GCC_WARN_UNUSED_VARIABLE = YES;
				IPHONEOS_DEPLOYMENT_TARGET = 13.5;
				MTL_ENABLE_DEBUG_INFO = INCLUDE_SOURCE;
				MTL_FAST_MATH = YES;
				ONLY_ACTIVE_ARCH = YES;
				SDKROOT = iphoneos;
				SWIFT_ACTIVE_COMPILATION_CONDITIONS = DEBUG;
				SWIFT_OPTIMIZATION_LEVEL = "-Onone";
			};
			name = Debug;
		};
		8C6593A224D06584003EC3DC /* Release */ = {
			isa = XCBuildConfiguration;
			buildSettings = {
				ALWAYS_SEARCH_USER_PATHS = NO;
				CLANG_ANALYZER_NONNULL = YES;
				CLANG_ANALYZER_NUMBER_OBJECT_CONVERSION = YES_AGGRESSIVE;
				CLANG_CXX_LANGUAGE_STANDARD = "gnu++14";
				CLANG_CXX_LIBRARY = "libc++";
				CLANG_ENABLE_MODULES = YES;
				CLANG_ENABLE_OBJC_ARC = YES;
				CLANG_ENABLE_OBJC_WEAK = YES;
				CLANG_WARN_BLOCK_CAPTURE_AUTORELEASING = YES;
				CLANG_WARN_BOOL_CONVERSION = YES;
				CLANG_WARN_COMMA = YES;
				CLANG_WARN_CONSTANT_CONVERSION = YES;
				CLANG_WARN_DEPRECATED_OBJC_IMPLEMENTATIONS = YES;
				CLANG_WARN_DIRECT_OBJC_ISA_USAGE = YES_ERROR;
				CLANG_WARN_DOCUMENTATION_COMMENTS = YES;
				CLANG_WARN_EMPTY_BODY = YES;
				CLANG_WARN_ENUM_CONVERSION = YES;
				CLANG_WARN_INFINITE_RECURSION = YES;
				CLANG_WARN_INT_CONVERSION = YES;
				CLANG_WARN_NON_LITERAL_NULL_CONVERSION = YES;
				CLANG_WARN_OBJC_IMPLICIT_RETAIN_SELF = YES;
				CLANG_WARN_OBJC_LITERAL_CONVERSION = YES;
				CLANG_WARN_OBJC_ROOT_CLASS = YES_ERROR;
				CLANG_WARN_RANGE_LOOP_ANALYSIS = YES;
				CLANG_WARN_STRICT_PROTOTYPES = YES;
				CLANG_WARN_SUSPICIOUS_MOVE = YES;
				CLANG_WARN_UNGUARDED_AVAILABILITY = YES_AGGRESSIVE;
				CLANG_WARN_UNREACHABLE_CODE = YES;
				CLANG_WARN__DUPLICATE_METHOD_MATCH = YES;
				COPY_PHASE_STRIP = NO;
				DEBUG_INFORMATION_FORMAT = "dwarf-with-dsym";
				ENABLE_NS_ASSERTIONS = NO;
				ENABLE_STRICT_OBJC_MSGSEND = YES;
				GCC_C_LANGUAGE_STANDARD = gnu11;
				GCC_NO_COMMON_BLOCKS = YES;
				GCC_WARN_64_TO_32_BIT_CONVERSION = YES;
				GCC_WARN_ABOUT_RETURN_TYPE = YES_ERROR;
				GCC_WARN_UNDECLARED_SELECTOR = YES;
				GCC_WARN_UNINITIALIZED_AUTOS = YES_AGGRESSIVE;
				GCC_WARN_UNUSED_FUNCTION = YES;
				GCC_WARN_UNUSED_VARIABLE = YES;
				IPHONEOS_DEPLOYMENT_TARGET = 13.5;
				MTL_ENABLE_DEBUG_INFO = NO;
				MTL_FAST_MATH = YES;
				SDKROOT = iphoneos;
				SWIFT_COMPILATION_MODE = wholemodule;
				SWIFT_OPTIMIZATION_LEVEL = "-O";
				VALIDATE_PRODUCT = YES;
			};
			name = Release;
		};
		8C6593A424D06584003EC3DC /* Debug */ = {
			isa = XCBuildConfiguration;
			buildSettings = {
				ASSETCATALOG_COMPILER_APPICON_NAME = AppIcon;
				CODE_SIGN_STYLE = Automatic;
				DEVELOPMENT_ASSET_PATHS = "\"Landmarks/Preview Content\"";
				DEVELOPMENT_TEAM = KL585M628D;
				ENABLE_PREVIEWS = YES;
				INFOPLIST_FILE = Landmarks/Info.plist;
				LD_RUNPATH_SEARCH_PATHS = (
					"$(inherited)",
					"@executable_path/Frameworks",
				);
				PRODUCT_BUNDLE_IDENTIFIER = eu.mackuba.Landmarks;
				PRODUCT_NAME = "$(TARGET_NAME)";
				SWIFT_VERSION = 5.0;
				TARGETED_DEVICE_FAMILY = "1,2";
			};
			name = Debug;
		};
		8C6593A524D06584003EC3DC /* Release */ = {
			isa = XCBuildConfiguration;
			buildSettings = {
				ASSETCATALOG_COMPILER_APPICON_NAME = AppIcon;
				CODE_SIGN_STYLE = Automatic;
				DEVELOPMENT_ASSET_PATHS = "\"Landmarks/Preview Content\"";
				DEVELOPMENT_TEAM = KL585M628D;
				ENABLE_PREVIEWS = YES;
				INFOPLIST_FILE = Landmarks/Info.plist;
				LD_RUNPATH_SEARCH_PATHS = (
					"$(inherited)",
					"@executable_path/Frameworks",
				);
				PRODUCT_BUNDLE_IDENTIFIER = eu.mackuba.Landmarks;
				PRODUCT_NAME = "$(TARGET_NAME)";
				SWIFT_VERSION = 5.0;
				TARGETED_DEVICE_FAMILY = "1,2";
			};
			name = Release;
		};
/* End XCBuildConfiguration section */

/* Begin XCConfigurationList section */
		8C65938A24D06582003EC3DC /* Build configuration list for PBXProject "Landmarks" */ = {
			isa = XCConfigurationList;
			buildConfigurations = (
				8C6593A124D06584003EC3DC /* Debug */,
				8C6593A224D06584003EC3DC /* Release */,
			);
			defaultConfigurationIsVisible = 0;
			defaultConfigurationName = Release;
		};
		8C6593A324D06584003EC3DC /* Build configuration list for PBXNativeTarget "Landmarks" */ = {
			isa = XCConfigurationList;
			buildConfigurations = (
				8C6593A424D06584003EC3DC /* Debug */,
				8C6593A524D06584003EC3DC /* Release */,
			);
			defaultConfigurationIsVisible = 0;
			defaultConfigurationName = Release;
		};
/* End XCConfigurationList section */
	};
	rootObject = 8C65938724D06582003EC3DC /* Project object */;
}
