// !$*UTF8*$!
{
	archiveVersion = 1;
	classes = {
	};
	objectVersion = 50;
	objects = {

/* Begin PBXBuildFile section */
		8C1A4FC224E4492A00BCBE04 /* LandmarkList.swift in Sources */ = {isa = PBXBuildFile; fileRef = 8C6593CE24D08BCA003EC3DC /* LandmarkList.swift */; };
		8C1A4FCA24E4728A00BCBE04 /* AppDelegate.swift in Sources */ = {isa = PBXBuildFile; fileRef = 8C1A4FC924E4728A00BCBE04 /* AppDelegate.swift */; };
		8C1A4FCC24E4728A00BCBE04 /* ContentView.swift in Sources */ = {isa = PBXBuildFile; fileRef = 8C1A4FCB24E4728A00BCBE04 /* ContentView.swift */; };
		8C1A4FCE24E4728C00BCBE04 /* Assets.xcassets in Resources */ = {isa = PBXBuildFile; fileRef = 8C1A4FCD24E4728C00BCBE04 /* Assets.xcassets */; };
		8C1A4FD124E4728C00BCBE04 /* Preview Assets.xcassets in Resources */ = {isa = PBXBuildFile; fileRef = 8C1A4FD024E4728C00BCBE04 /* Preview Assets.xcassets */; };
		8C1A4FD424E4728C00BCBE04 /* Main.storyboard in Resources */ = {isa = PBXBuildFile; fileRef = 8C1A4FD224E4728C00BCBE04 /* Main.storyboard */; };
		8C1A4FDA24E486B200BCBE04 /* Data.swift in Sources */ = {isa = PBXBuildFile; fileRef = 8CAD54AB24D4CC67003142FD /* Data.swift */; };
		8C1A4FDB24E486B200BCBE04 /* Hike.swift in Sources */ = {isa = PBXBuildFile; fileRef = 8CAD54A124D4CB5C003142FD /* Hike.swift */; };
		8C1A4FDC24E486B200BCBE04 /* Landmark.swift in Sources */ = {isa = PBXBuildFile; fileRef = 8C6593AD24D07F6C003EC3DC /* Landmark.swift */; };
		8C1A4FDD24E486B200BCBE04 /* Profile.swift in Sources */ = {isa = PBXBuildFile; fileRef = 8C2D231324DF09C700EB2C38 /* Profile.swift */; };
		8C1A4FDE24E486B200BCBE04 /* UserData.swift in Sources */ = {isa = PBXBuildFile; fileRef = 8C504CDE24D37BEC00E0AC9F /* UserData.swift */; };
		8C1A4FDF24E486B700BCBE04 /* hikeData.json in Resources */ = {isa = PBXBuildFile; fileRef = 8CAD54A924D4CC47003142FD /* hikeData.json */; };
		8C1A4FE024E486B700BCBE04 /* landmarkData.json in Resources */ = {isa = PBXBuildFile; fileRef = 8C6593B124D07F81003EC3DC /* landmarkData.json */; };
		8C1A4FE124E486BC00BCBE04 /* charleyrivers_feature.jpg in Resources */ = {isa = PBXBuildFile; fileRef = 8CD297ED24E1961900FBDCBB /* charleyrivers_feature.jpg */; };
		8C1A4FE224E486BC00BCBE04 /* charleyrivers.jpg in Resources */ = {isa = PBXBuildFile; fileRef = 8C504CBD24D1FB2900E0AC9F /* charleyrivers.jpg */; };
		8C1A4FE324E486BC00BCBE04 /* chilkoottrail.jpg in Resources */ = {isa = PBXBuildFile; fileRef = 8C6593B824D08327003EC3DC /* chilkoottrail.jpg */; };
		8C1A4FE424E486BC00BCBE04 /* chincoteague.jpg in Resources */ = {isa = PBXBuildFile; fileRef = 8C6593BB24D08327003EC3DC /* chincoteague.jpg */; };
		8C1A4FE524E486BC00BCBE04 /* hiddenlake.jpg in Resources */ = {isa = PBXBuildFile; fileRef = 8C6593BD24D08327003EC3DC /* hiddenlake.jpg */; };
		8C1A4FE624E486BC00BCBE04 /* icybay.jpg in Resources */ = {isa = PBXBuildFile; fileRef = 8C6593B624D08327003EC3DC /* icybay.jpg */; };
		8C1A4FE724E486BC00BCBE04 /* lakemcdonald.jpg in Resources */ = {isa = PBXBuildFile; fileRef = 8C6593BC24D08327003EC3DC /* lakemcdonald.jpg */; };
		8C1A4FE824E486BC00BCBE04 /* rainbowlake.jpg in Resources */ = {isa = PBXBuildFile; fileRef = 8C6593C124D08328003EC3DC /* rainbowlake.jpg */; };
		8C1A4FE924E486BC00BCBE04 /* silversalmoncreek.jpg in Resources */ = {isa = PBXBuildFile; fileRef = 8C6593C024D08328003EC3DC /* silversalmoncreek.jpg */; };
		8C1A4FEA24E486BC00BCBE04 /* stmarylake_feature.jpg in Resources */ = {isa = PBXBuildFile; fileRef = 8CD297EB24E1961900FBDCBB /* stmarylake_feature.jpg */; };
		8C1A4FEB24E486BC00BCBE04 /* stmarylake.jpg in Resources */ = {isa = PBXBuildFile; fileRef = 8C6593B724D08327003EC3DC /* stmarylake.jpg */; };
		8C1A4FEC24E486BC00BCBE04 /* turtlerock_feature.jpg in Resources */ = {isa = PBXBuildFile; fileRef = 8CD297EC24E1961900FBDCBB /* turtlerock_feature.jpg */; };
		8C1A4FED24E486BC00BCBE04 /* turtlerock.jpg in Resources */ = {isa = PBXBuildFile; fileRef = 8C6593B924D08327003EC3DC /* turtlerock.jpg */; };
		8C1A4FEE24E486BC00BCBE04 /* twinlake.jpg in Resources */ = {isa = PBXBuildFile; fileRef = 8C6593BA24D08327003EC3DC /* twinlake.jpg */; };
		8C1A4FEF24E486BC00BCBE04 /* umbagog.jpg in Resources */ = {isa = PBXBuildFile; fileRef = 8C6593BE24D08327003EC3DC /* umbagog.jpg */; };
		8C1A4FF124E4881700BCBE04 /* LandmarkRow.swift in Sources */ = {isa = PBXBuildFile; fileRef = 8C1A4FF024E4881700BCBE04 /* LandmarkRow.swift */; };
		8C1A4FF324E48ACF00BCBE04 /* LandmarkList.swift in Sources */ = {isa = PBXBuildFile; fileRef = 8C1A4FF224E48ACF00BCBE04 /* LandmarkList.swift */; };
		8C1A4FF524E48F0600BCBE04 /* Filter.swift in Sources */ = {isa = PBXBuildFile; fileRef = 8C1A4FF424E48F0600BCBE04 /* Filter.swift */; };
		8C1A4FF724E4947300BCBE04 /* NavigationMaster.swift in Sources */ = {isa = PBXBuildFile; fileRef = 8C1A4FF624E4947300BCBE04 /* NavigationMaster.swift */; };
		8C2A37B224E3492A004BF4EB /* Interface.storyboard in Resources */ = {isa = PBXBuildFile; fileRef = 8C2A37B024E3492A004BF4EB /* Interface.storyboard */; };
		8C2A37BB24E3492B004BF4EB /* WatchLandmarks Extension.appex in Embed App Extensions */ = {isa = PBXBuildFile; fileRef = 8C2A37BA24E3492B004BF4EB /* WatchLandmarks Extension.appex */; settings = {ATTRIBUTES = (RemoveHeadersOnCopy, ); }; };
		8C2A37C024E3492B004BF4EB /* ContentView.swift in Sources */ = {isa = PBXBuildFile; fileRef = 8C2A37BF24E3492B004BF4EB /* ContentView.swift */; };
		8C2A37C224E3492B004BF4EB /* HostingController.swift in Sources */ = {isa = PBXBuildFile; fileRef = 8C2A37C124E3492B004BF4EB /* HostingController.swift */; };
		8C2A37C424E3492B004BF4EB /* ExtensionDelegate.swift in Sources */ = {isa = PBXBuildFile; fileRef = 8C2A37C324E3492B004BF4EB /* ExtensionDelegate.swift */; };
		8C2A37C624E3492B004BF4EB /* NotificationController.swift in Sources */ = {isa = PBXBuildFile; fileRef = 8C2A37C524E3492B004BF4EB /* NotificationController.swift */; };
		8C2A37C824E3492B004BF4EB /* NotificationView.swift in Sources */ = {isa = PBXBuildFile; fileRef = 8C2A37C724E3492B004BF4EB /* NotificationView.swift */; };
		8C2A37CA24E3492C004BF4EB /* Assets.xcassets in Resources */ = {isa = PBXBuildFile; fileRef = 8C2A37C924E3492C004BF4EB /* Assets.xcassets */; };
		8C2A37CD24E3492C004BF4EB /* Preview Assets.xcassets in Resources */ = {isa = PBXBuildFile; fileRef = 8C2A37CC24E3492C004BF4EB /* Preview Assets.xcassets */; };
		8C2A37D324E3492C004BF4EB /* WatchLandmarks.app in Embed Watch Content */ = {isa = PBXBuildFile; fileRef = 8C2A37AE24E3492A004BF4EB /* WatchLandmarks.app */; settings = {ATTRIBUTES = (RemoveHeadersOnCopy, ); }; };
		8C2A37DB24E349FB004BF4EB /* Data.swift in Sources */ = {isa = PBXBuildFile; fileRef = 8CAD54AB24D4CC67003142FD /* Data.swift */; };
		8C2A37DC24E349FB004BF4EB /* Hike.swift in Sources */ = {isa = PBXBuildFile; fileRef = 8CAD54A124D4CB5C003142FD /* Hike.swift */; };
		8C2A37DD24E349FB004BF4EB /* Landmark.swift in Sources */ = {isa = PBXBuildFile; fileRef = 8C6593AD24D07F6C003EC3DC /* Landmark.swift */; };
		8C2A37DE24E349FB004BF4EB /* Profile.swift in Sources */ = {isa = PBXBuildFile; fileRef = 8C2D231324DF09C700EB2C38 /* Profile.swift */; };
		8C2A37DF24E349FB004BF4EB /* UserData.swift in Sources */ = {isa = PBXBuildFile; fileRef = 8C504CDE24D37BEC00E0AC9F /* UserData.swift */; };
		8C2A37E024E349FB004BF4EB /* CircleImage.swift in Sources */ = {isa = PBXBuildFile; fileRef = 8C6593A624D073F9003EC3DC /* CircleImage.swift */; };
		8C2A37E124E349FB004BF4EB /* LandmarkRow.swift in Sources */ = {isa = PBXBuildFile; fileRef = 8C6593B324D08173003EC3DC /* LandmarkRow.swift */; };
		8C2A37E324E34A16004BF4EB /* Assets.xcassets in Resources */ = {isa = PBXBuildFile; fileRef = 8C65939824D06584003EC3DC /* Assets.xcassets */; };
		8C2A37E424E34A49004BF4EB /* charleyrivers_feature.jpg in Resources */ = {isa = PBXBuildFile; fileRef = 8CD297ED24E1961900FBDCBB /* charleyrivers_feature.jpg */; };
		8C2A37E524E34A49004BF4EB /* charleyrivers.jpg in Resources */ = {isa = PBXBuildFile; fileRef = 8C504CBD24D1FB2900E0AC9F /* charleyrivers.jpg */; };
		8C2A37E624E34A49004BF4EB /* chilkoottrail.jpg in Resources */ = {isa = PBXBuildFile; fileRef = 8C6593B824D08327003EC3DC /* chilkoottrail.jpg */; };
		8C2A37E724E34A49004BF4EB /* chincoteague.jpg in Resources */ = {isa = PBXBuildFile; fileRef = 8C6593BB24D08327003EC3DC /* chincoteague.jpg */; };
		8C2A37E824E34A49004BF4EB /* hiddenlake.jpg in Resources */ = {isa = PBXBuildFile; fileRef = 8C6593BD24D08327003EC3DC /* hiddenlake.jpg */; };
		8C2A37E924E34A49004BF4EB /* icybay.jpg in Resources */ = {isa = PBXBuildFile; fileRef = 8C6593B624D08327003EC3DC /* icybay.jpg */; };
		8C2A37EA24E34A49004BF4EB /* lakemcdonald.jpg in Resources */ = {isa = PBXBuildFile; fileRef = 8C6593BC24D08327003EC3DC /* lakemcdonald.jpg */; };
		8C2A37EB24E34A49004BF4EB /* rainbowlake.jpg in Resources */ = {isa = PBXBuildFile; fileRef = 8C6593C124D08328003EC3DC /* rainbowlake.jpg */; };
		8C2A37EC24E34A49004BF4EB /* silversalmoncreek.jpg in Resources */ = {isa = PBXBuildFile; fileRef = 8C6593C024D08328003EC3DC /* silversalmoncreek.jpg */; };
		8C2A37ED24E34A49004BF4EB /* stmarylake_feature.jpg in Resources */ = {isa = PBXBuildFile; fileRef = 8CD297EB24E1961900FBDCBB /* stmarylake_feature.jpg */; };
		8C2A37EE24E34A49004BF4EB /* stmarylake.jpg in Resources */ = {isa = PBXBuildFile; fileRef = 8C6593B724D08327003EC3DC /* stmarylake.jpg */; };
		8C2A37EF24E34A49004BF4EB /* turtlerock_feature.jpg in Resources */ = {isa = PBXBuildFile; fileRef = 8CD297EC24E1961900FBDCBB /* turtlerock_feature.jpg */; };
		8C2A37F024E34A49004BF4EB /* turtlerock.jpg in Resources */ = {isa = PBXBuildFile; fileRef = 8C6593B924D08327003EC3DC /* turtlerock.jpg */; };
		8C2A37F124E34A49004BF4EB /* twinlake.jpg in Resources */ = {isa = PBXBuildFile; fileRef = 8C6593BA24D08327003EC3DC /* twinlake.jpg */; };
		8C2A37F224E34A49004BF4EB /* umbagog.jpg in Resources */ = {isa = PBXBuildFile; fileRef = 8C6593BE24D08327003EC3DC /* umbagog.jpg */; };
		8C2A37F324E34A51004BF4EB /* hikeData.json in Resources */ = {isa = PBXBuildFile; fileRef = 8CAD54A924D4CC47003142FD /* hikeData.json */; };
		8C2A37F424E34A51004BF4EB /* landmarkData.json in Resources */ = {isa = PBXBuildFile; fileRef = 8C6593B124D07F81003EC3DC /* landmarkData.json */; };
		8C2A37F624E34ACF004BF4EB /* WatchLandmarkDetail.swift in Sources */ = {isa = PBXBuildFile; fileRef = 8C2A37F524E34ACF004BF4EB /* WatchLandmarkDetail.swift */; };
		8C2D231224DF098900EB2C38 /* ProfileHost.swift in Sources */ = {isa = PBXBuildFile; fileRef = 8C2D231124DF098900EB2C38 /* ProfileHost.swift */; };
		8C2D231424DF09C700EB2C38 /* Profile.swift in Sources */ = {isa = PBXBuildFile; fileRef = 8C2D231324DF09C700EB2C38 /* Profile.swift */; };
		8C2D231624DF0B6900EB2C38 /* ProfileSummary.swift in Sources */ = {isa = PBXBuildFile; fileRef = 8C2D231524DF0B6900EB2C38 /* ProfileSummary.swift */; };
		8C2D231824DF0D9C00EB2C38 /* HikeBadge.swift in Sources */ = {isa = PBXBuildFile; fileRef = 8C2D231724DF0D9C00EB2C38 /* HikeBadge.swift */; };
		8C33876424DF1FA7003A8507 /* ProfileEditor.swift in Sources */ = {isa = PBXBuildFile; fileRef = 8C33876324DF1FA7003A8507 /* ProfileEditor.swift */; };
		8C504CBE24D1FB2900E0AC9F /* charleyrivers.jpg in Resources */ = {isa = PBXBuildFile; fileRef = 8C504CBD24D1FB2900E0AC9F /* charleyrivers.jpg */; };
		8C504CDF24D37BEC00E0AC9F /* UserData.swift in Sources */ = {isa = PBXBuildFile; fileRef = 8C504CDE24D37BEC00E0AC9F /* UserData.swift */; };
		8C65939324D06582003EC3DC /* AppDelegate.swift in Sources */ = {isa = PBXBuildFile; fileRef = 8C65939224D06582003EC3DC /* AppDelegate.swift */; };
		8C65939524D06582003EC3DC /* SceneDelegate.swift in Sources */ = {isa = PBXBuildFile; fileRef = 8C65939424D06582003EC3DC /* SceneDelegate.swift */; };
		8C65939724D06582003EC3DC /* LandmarkDetail.swift in Sources */ = {isa = PBXBuildFile; fileRef = 8C65939624D06582003EC3DC /* LandmarkDetail.swift */; };
		8C65939924D06584003EC3DC /* Assets.xcassets in Resources */ = {isa = PBXBuildFile; fileRef = 8C65939824D06584003EC3DC /* Assets.xcassets */; };
		8C65939C24D06584003EC3DC /* Preview Assets.xcassets in Resources */ = {isa = PBXBuildFile; fileRef = 8C65939B24D06584003EC3DC /* Preview Assets.xcassets */; };
		8C65939F24D06584003EC3DC /* LaunchScreen.storyboard in Resources */ = {isa = PBXBuildFile; fileRef = 8C65939D24D06584003EC3DC /* LaunchScreen.storyboard */; };
		8C6593A724D073F9003EC3DC /* CircleImage.swift in Sources */ = {isa = PBXBuildFile; fileRef = 8C6593A624D073F9003EC3DC /* CircleImage.swift */; };
		8C6593A924D07602003EC3DC /* MapView.swift in Sources */ = {isa = PBXBuildFile; fileRef = 8C6593A824D07602003EC3DC /* MapView.swift */; };
		8C6593AF24D07F6C003EC3DC /* Landmark.swift in Sources */ = {isa = PBXBuildFile; fileRef = 8C6593AD24D07F6C003EC3DC /* Landmark.swift */; };
		8C6593B224D07F81003EC3DC /* landmarkData.json in Resources */ = {isa = PBXBuildFile; fileRef = 8C6593B124D07F81003EC3DC /* landmarkData.json */; };
		8C6593B424D08173003EC3DC /* LandmarkRow.swift in Sources */ = {isa = PBXBuildFile; fileRef = 8C6593B324D08173003EC3DC /* LandmarkRow.swift */; };
		8C6593C224D08328003EC3DC /* icybay.jpg in Resources */ = {isa = PBXBuildFile; fileRef = 8C6593B624D08327003EC3DC /* icybay.jpg */; };
		8C6593C324D08328003EC3DC /* stmarylake.jpg in Resources */ = {isa = PBXBuildFile; fileRef = 8C6593B724D08327003EC3DC /* stmarylake.jpg */; };
		8C6593C424D08328003EC3DC /* chilkoottrail.jpg in Resources */ = {isa = PBXBuildFile; fileRef = 8C6593B824D08327003EC3DC /* chilkoottrail.jpg */; };
		8C6593C524D08328003EC3DC /* turtlerock.jpg in Resources */ = {isa = PBXBuildFile; fileRef = 8C6593B924D08327003EC3DC /* turtlerock.jpg */; };
		8C6593C624D08328003EC3DC /* twinlake.jpg in Resources */ = {isa = PBXBuildFile; fileRef = 8C6593BA24D08327003EC3DC /* twinlake.jpg */; };
		8C6593C724D08328003EC3DC /* chincoteague.jpg in Resources */ = {isa = PBXBuildFile; fileRef = 8C6593BB24D08327003EC3DC /* chincoteague.jpg */; };
		8C6593C824D08328003EC3DC /* lakemcdonald.jpg in Resources */ = {isa = PBXBuildFile; fileRef = 8C6593BC24D08327003EC3DC /* lakemcdonald.jpg */; };
		8C6593C924D08328003EC3DC /* hiddenlake.jpg in Resources */ = {isa = PBXBuildFile; fileRef = 8C6593BD24D08327003EC3DC /* hiddenlake.jpg */; };
		8C6593CA24D08328003EC3DC /* umbagog.jpg in Resources */ = {isa = PBXBuildFile; fileRef = 8C6593BE24D08327003EC3DC /* umbagog.jpg */; };
		8C6593CC24D08328003EC3DC /* silversalmoncreek.jpg in Resources */ = {isa = PBXBuildFile; fileRef = 8C6593C024D08328003EC3DC /* silversalmoncreek.jpg */; };
		8C6593CD24D08328003EC3DC /* rainbowlake.jpg in Resources */ = {isa = PBXBuildFile; fileRef = 8C6593C124D08328003EC3DC /* rainbowlake.jpg */; };
		8C6593CF24D08BCA003EC3DC /* LandmarkList.swift in Sources */ = {isa = PBXBuildFile; fileRef = 8C6593CE24D08BCA003EC3DC /* LandmarkList.swift */; };
		8CAD549824D4AA06003142FD /* Badge.swift in Sources */ = {isa = PBXBuildFile; fileRef = 8CAD549724D4AA06003142FD /* Badge.swift */; };
		8CAD549A24D4AA46003142FD /* HexagonParameters.swift in Sources */ = {isa = PBXBuildFile; fileRef = 8CAD549924D4AA46003142FD /* HexagonParameters.swift */; };
		8CAD549C24D4B1EB003142FD /* BadgeBackground.swift in Sources */ = {isa = PBXBuildFile; fileRef = 8CAD549B24D4B1EB003142FD /* BadgeBackground.swift */; };
		8CAD549E24D4B410003142FD /* BadgeSymbol.swift in Sources */ = {isa = PBXBuildFile; fileRef = 8CAD549D24D4B410003142FD /* BadgeSymbol.swift */; };
		8CAD54A024D4CB43003142FD /* HikeView.swift in Sources */ = {isa = PBXBuildFile; fileRef = 8CAD549F24D4CB43003142FD /* HikeView.swift */; };
		8CAD54A224D4CB5C003142FD /* Hike.swift in Sources */ = {isa = PBXBuildFile; fileRef = 8CAD54A124D4CB5C003142FD /* Hike.swift */; };
		8CAD54A424D4CBCE003142FD /* HikeDetail.swift in Sources */ = {isa = PBXBuildFile; fileRef = 8CAD54A324D4CBCE003142FD /* HikeDetail.swift */; };
		8CAD54A624D4CBDE003142FD /* HikeGraph.swift in Sources */ = {isa = PBXBuildFile; fileRef = 8CAD54A524D4CBDE003142FD /* HikeGraph.swift */; };
		8CAD54A824D4CC2C003142FD /* GraphCapsule.swift in Sources */ = {isa = PBXBuildFile; fileRef = 8CAD54A724D4CC2C003142FD /* GraphCapsule.swift */; };
		8CAD54AA24D4CC47003142FD /* hikeData.json in Resources */ = {isa = PBXBuildFile; fileRef = 8CAD54A924D4CC47003142FD /* hikeData.json */; };
		8CAD54AC24D4CC67003142FD /* Data.swift in Sources */ = {isa = PBXBuildFile; fileRef = 8CAD54AB24D4CC67003142FD /* Data.swift */; };
		8CB3F01824E3629C00297B0D /* WatchMapView.swift in Sources */ = {isa = PBXBuildFile; fileRef = 8CB3F01724E3629C00297B0D /* WatchMapView.swift */; };
		8CD0973924D76B91002EAAD3 /* Home.swift in Sources */ = {isa = PBXBuildFile; fileRef = 8CD0973824D76B91002EAAD3 /* Home.swift */; };
		8CD0973B24D76E76002EAAD3 /* CategoryRow.swift in Sources */ = {isa = PBXBuildFile; fileRef = 8CD0973A24D76E76002EAAD3 /* CategoryRow.swift */; };
		8CD297E624E1871900FBDCBB /* PageViewController.swift in Sources */ = {isa = PBXBuildFile; fileRef = 8CD297E524E1871900FBDCBB /* PageViewController.swift */; };
		8CD297E824E1882500FBDCBB /* PageView.swift in Sources */ = {isa = PBXBuildFile; fileRef = 8CD297E724E1882500FBDCBB /* PageView.swift */; };
		8CD297EA24E1960B00FBDCBB /* FeatureCard.swift in Sources */ = {isa = PBXBuildFile; fileRef = 8CD297E924E1960B00FBDCBB /* FeatureCard.swift */; };
		8CD297EE24E1961900FBDCBB /* stmarylake_feature.jpg in Resources */ = {isa = PBXBuildFile; fileRef = 8CD297EB24E1961900FBDCBB /* stmarylake_feature.jpg */; };
		8CD297EF24E1961900FBDCBB /* turtlerock_feature.jpg in Resources */ = {isa = PBXBuildFile; fileRef = 8CD297EC24E1961900FBDCBB /* turtlerock_feature.jpg */; };
		8CD297F024E1961900FBDCBB /* charleyrivers_feature.jpg in Resources */ = {isa = PBXBuildFile; fileRef = 8CD297ED24E1961900FBDCBB /* charleyrivers_feature.jpg */; };
		8CD297F224E1AFE800FBDCBB /* PageControl.swift in Sources */ = {isa = PBXBuildFile; fileRef = 8CD297F124E1AFE800FBDCBB /* PageControl.swift */; };
/* End PBXBuildFile section */

/* Begin PBXContainerItemProxy section */
		8C2A37BC24E3492B004BF4EB /* PBXContainerItemProxy */ = {
			isa = PBXContainerItemProxy;
			containerPortal = 8C65938724D06582003EC3DC /* Project object */;
			proxyType = 1;
			remoteGlobalIDString = 8C2A37B924E3492B004BF4EB;
			remoteInfo = "WatchLandmarks Extension";
		};
		8C2A37D024E3492C004BF4EB /* PBXContainerItemProxy */ = {
			isa = PBXContainerItemProxy;
			containerPortal = 8C65938724D06582003EC3DC /* Project object */;
			proxyType = 1;
			remoteGlobalIDString = 8C2A37AD24E3492A004BF4EB;
			remoteInfo = WatchLandmarks;
		};
/* End PBXContainerItemProxy section */

/* Begin PBXCopyFilesBuildPhase section */
		8C2A37D224E3492C004BF4EB /* Embed Watch Content */ = {
			isa = PBXCopyFilesBuildPhase;
			buildActionMask = 2147483647;
			dstPath = "$(CONTENTS_FOLDER_PATH)/Watch";
			dstSubfolderSpec = 16;
			files = (
				8C2A37D324E3492C004BF4EB /* WatchLandmarks.app in Embed Watch Content */,
			);
			name = "Embed Watch Content";
			runOnlyForDeploymentPostprocessing = 0;
		};
		8C2A37D624E3492C004BF4EB /* Embed App Extensions */ = {
			isa = PBXCopyFilesBuildPhase;
			buildActionMask = 2147483647;
			dstPath = "";
			dstSubfolderSpec = 13;
			files = (
				8C2A37BB24E3492B004BF4EB /* WatchLandmarks Extension.appex in Embed App Extensions */,
			);
			name = "Embed App Extensions";
			runOnlyForDeploymentPostprocessing = 0;
		};
/* End PBXCopyFilesBuildPhase section */

/* Begin PBXFileReference section */
		8C1A4FC724E4728A00BCBE04 /* MacLandmarks.app */ = {isa = PBXFileReference; explicitFileType = wrapper.application; includeInIndex = 0; path = MacLandmarks.app; sourceTree = BUILT_PRODUCTS_DIR; };
		8C1A4FC924E4728A00BCBE04 /* AppDelegate.swift */ = {isa = PBXFileReference; lastKnownFileType = sourcecode.swift; path = AppDelegate.swift; sourceTree = "<group>"; };
		8C1A4FCB24E4728A00BCBE04 /* ContentView.swift */ = {isa = PBXFileReference; lastKnownFileType = sourcecode.swift; path = ContentView.swift; sourceTree = "<group>"; };
		8C1A4FCD24E4728C00BCBE04 /* Assets.xcassets */ = {isa = PBXFileReference; lastKnownFileType = folder.assetcatalog; path = Assets.xcassets; sourceTree = "<group>"; };
		8C1A4FD024E4728C00BCBE04 /* Preview Assets.xcassets */ = {isa = PBXFileReference; lastKnownFileType = folder.assetcatalog; path = "Preview Assets.xcassets"; sourceTree = "<group>"; };
		8C1A4FD324E4728C00BCBE04 /* Base */ = {isa = PBXFileReference; lastKnownFileType = file.storyboard; name = Base; path = Base.lproj/Main.storyboard; sourceTree = "<group>"; };
		8C1A4FD524E4728C00BCBE04 /* Info.plist */ = {isa = PBXFileReference; lastKnownFileType = text.plist.xml; path = Info.plist; sourceTree = "<group>"; };
		8C1A4FD624E4728C00BCBE04 /* MacLandmarks.entitlements */ = {isa = PBXFileReference; lastKnownFileType = text.plist.entitlements; path = MacLandmarks.entitlements; sourceTree = "<group>"; };
		8C1A4FF024E4881700BCBE04 /* LandmarkRow.swift */ = {isa = PBXFileReference; lastKnownFileType = sourcecode.swift; path = LandmarkRow.swift; sourceTree = "<group>"; };
		8C1A4FF224E48ACF00BCBE04 /* LandmarkList.swift */ = {isa = PBXFileReference; lastKnownFileType = sourcecode.swift; path = LandmarkList.swift; sourceTree = "<group>"; };
		8C1A4FF424E48F0600BCBE04 /* Filter.swift */ = {isa = PBXFileReference; lastKnownFileType = sourcecode.swift; path = Filter.swift; sourceTree = "<group>"; };
		8C1A4FF624E4947300BCBE04 /* NavigationMaster.swift */ = {isa = PBXFileReference; lastKnownFileType = sourcecode.swift; path = NavigationMaster.swift; sourceTree = "<group>"; };
		8C2A37AE24E3492A004BF4EB /* WatchLandmarks.app */ = {isa = PBXFileReference; explicitFileType = wrapper.application; includeInIndex = 0; path = WatchLandmarks.app; sourceTree = BUILT_PRODUCTS_DIR; };
		8C2A37B124E3492A004BF4EB /* Base */ = {isa = PBXFileReference; lastKnownFileType = file.storyboard; name = Base; path = Base.lproj/Interface.storyboard; sourceTree = "<group>"; };
		8C2A37B324E3492B004BF4EB /* Assets.xcassets */ = {isa = PBXFileReference; lastKnownFileType = folder.assetcatalog; path = Assets.xcassets; sourceTree = "<group>"; };
		8C2A37B524E3492B004BF4EB /* Info.plist */ = {isa = PBXFileReference; lastKnownFileType = text.plist.xml; path = Info.plist; sourceTree = "<group>"; };
		8C2A37BA24E3492B004BF4EB /* WatchLandmarks Extension.appex */ = {isa = PBXFileReference; explicitFileType = "wrapper.app-extension"; includeInIndex = 0; path = "WatchLandmarks Extension.appex"; sourceTree = BUILT_PRODUCTS_DIR; };
		8C2A37BF24E3492B004BF4EB /* ContentView.swift */ = {isa = PBXFileReference; lastKnownFileType = sourcecode.swift; path = ContentView.swift; sourceTree = "<group>"; };
		8C2A37C124E3492B004BF4EB /* HostingController.swift */ = {isa = PBXFileReference; lastKnownFileType = sourcecode.swift; path = HostingController.swift; sourceTree = "<group>"; };
		8C2A37C324E3492B004BF4EB /* ExtensionDelegate.swift */ = {isa = PBXFileReference; lastKnownFileType = sourcecode.swift; path = ExtensionDelegate.swift; sourceTree = "<group>"; };
		8C2A37C524E3492B004BF4EB /* NotificationController.swift */ = {isa = PBXFileReference; lastKnownFileType = sourcecode.swift; path = NotificationController.swift; sourceTree = "<group>"; };
		8C2A37C724E3492B004BF4EB /* NotificationView.swift */ = {isa = PBXFileReference; lastKnownFileType = sourcecode.swift; path = NotificationView.swift; sourceTree = "<group>"; };
		8C2A37C924E3492C004BF4EB /* Assets.xcassets */ = {isa = PBXFileReference; lastKnownFileType = folder.assetcatalog; path = Assets.xcassets; sourceTree = "<group>"; };
		8C2A37CC24E3492C004BF4EB /* Preview Assets.xcassets */ = {isa = PBXFileReference; lastKnownFileType = folder.assetcatalog; path = "Preview Assets.xcassets"; sourceTree = "<group>"; };
		8C2A37CE24E3492C004BF4EB /* Info.plist */ = {isa = PBXFileReference; lastKnownFileType = text.plist.xml; path = Info.plist; sourceTree = "<group>"; };
		8C2A37CF24E3492C004BF4EB /* PushNotificationPayload.apns */ = {isa = PBXFileReference; lastKnownFileType = text; path = PushNotificationPayload.apns; sourceTree = "<group>"; };
		8C2A37F524E34ACF004BF4EB /* WatchLandmarkDetail.swift */ = {isa = PBXFileReference; lastKnownFileType = sourcecode.swift; path = WatchLandmarkDetail.swift; sourceTree = "<group>"; };
		8C2D231124DF098900EB2C38 /* ProfileHost.swift */ = {isa = PBXFileReference; lastKnownFileType = sourcecode.swift; path = ProfileHost.swift; sourceTree = "<group>"; };
		8C2D231324DF09C700EB2C38 /* Profile.swift */ = {isa = PBXFileReference; fileEncoding = 4; lastKnownFileType = sourcecode.swift; path = Profile.swift; sourceTree = "<group>"; };
		8C2D231524DF0B6900EB2C38 /* ProfileSummary.swift */ = {isa = PBXFileReference; lastKnownFileType = sourcecode.swift; path = ProfileSummary.swift; sourceTree = "<group>"; };
		8C2D231724DF0D9C00EB2C38 /* HikeBadge.swift */ = {isa = PBXFileReference; lastKnownFileType = sourcecode.swift; path = HikeBadge.swift; sourceTree = "<group>"; };
		8C33876324DF1FA7003A8507 /* ProfileEditor.swift */ = {isa = PBXFileReference; lastKnownFileType = sourcecode.swift; path = ProfileEditor.swift; sourceTree = "<group>"; };
		8C504CBD24D1FB2900E0AC9F /* charleyrivers.jpg */ = {isa = PBXFileReference; lastKnownFileType = image.jpeg; path = charleyrivers.jpg; sourceTree = "<group>"; };
		8C504CDE24D37BEC00E0AC9F /* UserData.swift */ = {isa = PBXFileReference; lastKnownFileType = sourcecode.swift; path = UserData.swift; sourceTree = "<group>"; };
		8C65938F24D06582003EC3DC /* Landmarks.app */ = {isa = PBXFileReference; explicitFileType = wrapper.application; includeInIndex = 0; path = Landmarks.app; sourceTree = BUILT_PRODUCTS_DIR; };
		8C65939224D06582003EC3DC /* AppDelegate.swift */ = {isa = PBXFileReference; lastKnownFileType = sourcecode.swift; path = AppDelegate.swift; sourceTree = "<group>"; };
		8C65939424D06582003EC3DC /* SceneDelegate.swift */ = {isa = PBXFileReference; lastKnownFileType = sourcecode.swift; path = SceneDelegate.swift; sourceTree = "<group>"; };
		8C65939624D06582003EC3DC /* LandmarkDetail.swift */ = {isa = PBXFileReference; lastKnownFileType = sourcecode.swift; path = LandmarkDetail.swift; sourceTree = "<group>"; };
		8C65939824D06584003EC3DC /* Assets.xcassets */ = {isa = PBXFileReference; lastKnownFileType = folder.assetcatalog; path = Assets.xcassets; sourceTree = "<group>"; };
		8C65939B24D06584003EC3DC /* Preview Assets.xcassets */ = {isa = PBXFileReference; lastKnownFileType = folder.assetcatalog; path = "Preview Assets.xcassets"; sourceTree = "<group>"; };
		8C65939E24D06584003EC3DC /* Base */ = {isa = PBXFileReference; lastKnownFileType = file.storyboard; name = Base; path = Base.lproj/LaunchScreen.storyboard; sourceTree = "<group>"; };
		8C6593A024D06584003EC3DC /* Info.plist */ = {isa = PBXFileReference; lastKnownFileType = text.plist.xml; path = Info.plist; sourceTree = "<group>"; };
		8C6593A624D073F9003EC3DC /* CircleImage.swift */ = {isa = PBXFileReference; lastKnownFileType = sourcecode.swift; path = CircleImage.swift; sourceTree = "<group>"; };
		8C6593A824D07602003EC3DC /* MapView.swift */ = {isa = PBXFileReference; lastKnownFileType = sourcecode.swift; path = MapView.swift; sourceTree = "<group>"; };
		8C6593AD24D07F6C003EC3DC /* Landmark.swift */ = {isa = PBXFileReference; fileEncoding = 4; lastKnownFileType = sourcecode.swift; path = Landmark.swift; sourceTree = "<group>"; };
		8C6593B124D07F81003EC3DC /* landmarkData.json */ = {isa = PBXFileReference; fileEncoding = 4; lastKnownFileType = text.json; path = landmarkData.json; sourceTree = "<group>"; };
		8C6593B324D08173003EC3DC /* LandmarkRow.swift */ = {isa = PBXFileReference; lastKnownFileType = sourcecode.swift; path = LandmarkRow.swift; sourceTree = "<group>"; };
		8C6593B624D08327003EC3DC /* icybay.jpg */ = {isa = PBXFileReference; lastKnownFileType = image.jpeg; path = icybay.jpg; sourceTree = "<group>"; };
		8C6593B724D08327003EC3DC /* stmarylake.jpg */ = {isa = PBXFileReference; lastKnownFileType = image.jpeg; path = stmarylake.jpg; sourceTree = "<group>"; };
		8C6593B824D08327003EC3DC /* chilkoottrail.jpg */ = {isa = PBXFileReference; lastKnownFileType = image.jpeg; path = chilkoottrail.jpg; sourceTree = "<group>"; };
		8C6593B924D08327003EC3DC /* turtlerock.jpg */ = {isa = PBXFileReference; lastKnownFileType = image.jpeg; path = turtlerock.jpg; sourceTree = "<group>"; };
		8C6593BA24D08327003EC3DC /* twinlake.jpg */ = {isa = PBXFileReference; lastKnownFileType = image.jpeg; path = twinlake.jpg; sourceTree = "<group>"; };
		8C6593BB24D08327003EC3DC /* chincoteague.jpg */ = {isa = PBXFileReference; lastKnownFileType = image.jpeg; path = chincoteague.jpg; sourceTree = "<group>"; };
		8C6593BC24D08327003EC3DC /* lakemcdonald.jpg */ = {isa = PBXFileReference; lastKnownFileType = image.jpeg; path = lakemcdonald.jpg; sourceTree = "<group>"; };
		8C6593BD24D08327003EC3DC /* hiddenlake.jpg */ = {isa = PBXFileReference; lastKnownFileType = image.jpeg; path = hiddenlake.jpg; sourceTree = "<group>"; };
		8C6593BE24D08327003EC3DC /* umbagog.jpg */ = {isa = PBXFileReference; lastKnownFileType = image.jpeg; path = umbagog.jpg; sourceTree = "<group>"; };
		8C6593C024D08328003EC3DC /* silversalmoncreek.jpg */ = {isa = PBXFileReference; lastKnownFileType = image.jpeg; path = silversalmoncreek.jpg; sourceTree = "<group>"; };
		8C6593C124D08328003EC3DC /* rainbowlake.jpg */ = {isa = PBXFileReference; lastKnownFileType = image.jpeg; path = rainbowlake.jpg; sourceTree = "<group>"; };
		8C6593CE24D08BCA003EC3DC /* LandmarkList.swift */ = {isa = PBXFileReference; lastKnownFileType = sourcecode.swift; path = LandmarkList.swift; sourceTree = "<group>"; };
		8CAD549724D4AA06003142FD /* Badge.swift */ = {isa = PBXFileReference; lastKnownFileType = sourcecode.swift; path = Badge.swift; sourceTree = "<group>"; };
		8CAD549924D4AA46003142FD /* HexagonParameters.swift */ = {isa = PBXFileReference; fileEncoding = 4; lastKnownFileType = sourcecode.swift; path = HexagonParameters.swift; sourceTree = "<group>"; };
		8CAD549B24D4B1EB003142FD /* BadgeBackground.swift */ = {isa = PBXFileReference; lastKnownFileType = sourcecode.swift; path = BadgeBackground.swift; sourceTree = "<group>"; };
		8CAD549D24D4B410003142FD /* BadgeSymbol.swift */ = {isa = PBXFileReference; lastKnownFileType = sourcecode.swift; path = BadgeSymbol.swift; sourceTree = "<group>"; };
		8CAD549F24D4CB43003142FD /* HikeView.swift */ = {isa = PBXFileReference; fileEncoding = 4; lastKnownFileType = sourcecode.swift; path = HikeView.swift; sourceTree = "<group>"; };
		8CAD54A124D4CB5C003142FD /* Hike.swift */ = {isa = PBXFileReference; fileEncoding = 4; lastKnownFileType = sourcecode.swift; path = Hike.swift; sourceTree = "<group>"; };
		8CAD54A324D4CBCE003142FD /* HikeDetail.swift */ = {isa = PBXFileReference; fileEncoding = 4; lastKnownFileType = sourcecode.swift; path = HikeDetail.swift; sourceTree = "<group>"; };
		8CAD54A524D4CBDE003142FD /* HikeGraph.swift */ = {isa = PBXFileReference; fileEncoding = 4; lastKnownFileType = sourcecode.swift; path = HikeGraph.swift; sourceTree = "<group>"; };
		8CAD54A724D4CC2C003142FD /* GraphCapsule.swift */ = {isa = PBXFileReference; fileEncoding = 4; lastKnownFileType = sourcecode.swift; path = GraphCapsule.swift; sourceTree = "<group>"; };
		8CAD54A924D4CC47003142FD /* hikeData.json */ = {isa = PBXFileReference; fileEncoding = 4; lastKnownFileType = text.json; path = hikeData.json; sourceTree = "<group>"; };
		8CAD54AB24D4CC67003142FD /* Data.swift */ = {isa = PBXFileReference; fileEncoding = 4; lastKnownFileType = sourcecode.swift; path = Data.swift; sourceTree = "<group>"; };
		8CB3F01724E3629C00297B0D /* WatchMapView.swift */ = {isa = PBXFileReference; lastKnownFileType = sourcecode.swift; path = WatchMapView.swift; sourceTree = "<group>"; };
		8CD0973824D76B91002EAAD3 /* Home.swift */ = {isa = PBXFileReference; lastKnownFileType = sourcecode.swift; path = Home.swift; sourceTree = "<group>"; };
		8CD0973A24D76E76002EAAD3 /* CategoryRow.swift */ = {isa = PBXFileReference; lastKnownFileType = sourcecode.swift; path = CategoryRow.swift; sourceTree = "<group>"; };
		8CD297E524E1871900FBDCBB /* PageViewController.swift */ = {isa = PBXFileReference; lastKnownFileType = sourcecode.swift; path = PageViewController.swift; sourceTree = "<group>"; };
		8CD297E724E1882500FBDCBB /* PageView.swift */ = {isa = PBXFileReference; lastKnownFileType = sourcecode.swift; path = PageView.swift; sourceTree = "<group>"; };
		8CD297E924E1960B00FBDCBB /* FeatureCard.swift */ = {isa = PBXFileReference; fileEncoding = 4; lastKnownFileType = sourcecode.swift; path = FeatureCard.swift; sourceTree = "<group>"; };
		8CD297EB24E1961900FBDCBB /* stmarylake_feature.jpg */ = {isa = PBXFileReference; lastKnownFileType = image.jpeg; path = stmarylake_feature.jpg; sourceTree = "<group>"; };
		8CD297EC24E1961900FBDCBB /* turtlerock_feature.jpg */ = {isa = PBXFileReference; lastKnownFileType = image.jpeg; path = turtlerock_feature.jpg; sourceTree = "<group>"; };
		8CD297ED24E1961900FBDCBB /* charleyrivers_feature.jpg */ = {isa = PBXFileReference; lastKnownFileType = image.jpeg; path = charleyrivers_feature.jpg; sourceTree = "<group>"; };
		8CD297F124E1AFE800FBDCBB /* PageControl.swift */ = {isa = PBXFileReference; lastKnownFileType = sourcecode.swift; path = PageControl.swift; sourceTree = "<group>"; };
/* End PBXFileReference section */

/* Begin PBXFrameworksBuildPhase section */
		8C1A4FC424E4728A00BCBE04 /* Frameworks */ = {
			isa = PBXFrameworksBuildPhase;
			buildActionMask = 2147483647;
			files = (
			);
			runOnlyForDeploymentPostprocessing = 0;
		};
		8C2A37B724E3492B004BF4EB /* Frameworks */ = {
			isa = PBXFrameworksBuildPhase;
			buildActionMask = 2147483647;
			files = (
			);
			runOnlyForDeploymentPostprocessing = 0;
		};
		8C65938C24D06582003EC3DC /* Frameworks */ = {
			isa = PBXFrameworksBuildPhase;
			buildActionMask = 2147483647;
			files = (
			);
			runOnlyForDeploymentPostprocessing = 0;
		};
/* End PBXFrameworksBuildPhase section */

/* Begin PBXGroup section */
		8C1A4FC824E4728A00BCBE04 /* MacLandmarks */ = {
			isa = PBXGroup;
			children = (
				8C1A4FC924E4728A00BCBE04 /* AppDelegate.swift */,
				8C1A4FCD24E4728C00BCBE04 /* Assets.xcassets */,
				8C1A4FCB24E4728A00BCBE04 /* ContentView.swift */,
				8C1A4FF424E48F0600BCBE04 /* Filter.swift */,
				8C1A4FD524E4728C00BCBE04 /* Info.plist */,
				8C1A4FF024E4881700BCBE04 /* LandmarkRow.swift */,
				8C1A4FF224E48ACF00BCBE04 /* LandmarkList.swift */,
				8C1A4FD624E4728C00BCBE04 /* MacLandmarks.entitlements */,
				8C1A4FD224E4728C00BCBE04 /* Main.storyboard */,
				8C1A4FF624E4947300BCBE04 /* NavigationMaster.swift */,
				8C1A4FCF24E4728C00BCBE04 /* Preview Content */,
			);
			path = MacLandmarks;
			sourceTree = "<group>";
		};
		8C1A4FCF24E4728C00BCBE04 /* Preview Content */ = {
			isa = PBXGroup;
			children = (
				8C1A4FD024E4728C00BCBE04 /* Preview Assets.xcassets */,
			);
			path = "Preview Content";
			sourceTree = "<group>";
		};
		8C2A37AF24E3492A004BF4EB /* WatchLandmarks */ = {
			isa = PBXGroup;
			children = (
				8C2A37B024E3492A004BF4EB /* Interface.storyboard */,
				8C2A37B324E3492B004BF4EB /* Assets.xcassets */,
				8C2A37B524E3492B004BF4EB /* Info.plist */,
			);
			path = WatchLandmarks;
			sourceTree = "<group>";
		};
		8C2A37BE24E3492B004BF4EB /* WatchLandmarks Extension */ = {
			isa = PBXGroup;
			children = (
				8C2A37C924E3492C004BF4EB /* Assets.xcassets */,
				8C2A37BF24E3492B004BF4EB /* ContentView.swift */,
				8C2A37C324E3492B004BF4EB /* ExtensionDelegate.swift */,
				8C2A37C124E3492B004BF4EB /* HostingController.swift */,
				8C2A37CE24E3492C004BF4EB /* Info.plist */,
				8C2A37C524E3492B004BF4EB /* NotificationController.swift */,
				8C2A37C724E3492B004BF4EB /* NotificationView.swift */,
				8C2A37CB24E3492C004BF4EB /* Preview Content */,
				8C2A37CF24E3492C004BF4EB /* PushNotificationPayload.apns */,
				8C2A37F524E34ACF004BF4EB /* WatchLandmarkDetail.swift */,
				8CB3F01724E3629C00297B0D /* WatchMapView.swift */,
			);
			path = "WatchLandmarks Extension";
			sourceTree = "<group>";
		};
		8C2A37CB24E3492C004BF4EB /* Preview Content */ = {
			isa = PBXGroup;
			children = (
				8C2A37CC24E3492C004BF4EB /* Preview Assets.xcassets */,
			);
			path = "Preview Content";
			sourceTree = "<group>";
		};
		8C65938624D06582003EC3DC = {
			isa = PBXGroup;
			children = (
				8C65939124D06582003EC3DC /* Landmarks */,
				8C1A4FC824E4728A00BCBE04 /* MacLandmarks */,
				8C2A37AF24E3492A004BF4EB /* WatchLandmarks */,
				8C2A37BE24E3492B004BF4EB /* WatchLandmarks Extension */,
				8C65939024D06582003EC3DC /* Products */,
			);
			sourceTree = "<group>";
		};
		8C65939024D06582003EC3DC /* Products */ = {
			isa = PBXGroup;
			children = (
				8C65938F24D06582003EC3DC /* Landmarks.app */,
				8C2A37AE24E3492A004BF4EB /* WatchLandmarks.app */,
				8C2A37BA24E3492B004BF4EB /* WatchLandmarks Extension.appex */,
				8C1A4FC724E4728A00BCBE04 /* MacLandmarks.app */,
			);
			name = Products;
			sourceTree = "<group>";
		};
		8C65939124D06582003EC3DC /* Landmarks */ = {
			isa = PBXGroup;
			children = (
				8C65939224D06582003EC3DC /* AppDelegate.swift */,
				8C65939824D06584003EC3DC /* Assets.xcassets */,
				8C6593B024D07F74003EC3DC /* Data */,
				8C6593B524D082FC003EC3DC /* Images */,
				8C6593A024D06584003EC3DC /* Info.plist */,
				8C65939D24D06584003EC3DC /* LaunchScreen.storyboard */,
				8C6593AB24D07F5B003EC3DC /* Models */,
				8C65939A24D06584003EC3DC /* Preview Content */,
				8C65939424D06582003EC3DC /* SceneDelegate.swift */,
				8C6593AA24D07F36003EC3DC /* Views */,
			);
			path = Landmarks;
			sourceTree = "<group>";
		};
		8C65939A24D06584003EC3DC /* Preview Content */ = {
			isa = PBXGroup;
			children = (
				8C65939B24D06584003EC3DC /* Preview Assets.xcassets */,
			);
			path = "Preview Content";
			sourceTree = "<group>";
		};
		8C6593AA24D07F36003EC3DC /* Views */ = {
			isa = PBXGroup;
			children = (
				8CAD549724D4AA06003142FD /* Badge.swift */,
				8CAD549B24D4B1EB003142FD /* BadgeBackground.swift */,
				8CAD549D24D4B410003142FD /* BadgeSymbol.swift */,
				8CD0973A24D76E76002EAAD3 /* CategoryRow.swift */,
				8C6593A624D073F9003EC3DC /* CircleImage.swift */,
				8CD297E924E1960B00FBDCBB /* FeatureCard.swift */,
				8CAD54A724D4CC2C003142FD /* GraphCapsule.swift */,
				8CAD549924D4AA46003142FD /* HexagonParameters.swift */,
				8C2D231724DF0D9C00EB2C38 /* HikeBadge.swift */,
				8CAD54A324D4CBCE003142FD /* HikeDetail.swift */,
				8CAD54A524D4CBDE003142FD /* HikeGraph.swift */,
				8CAD549F24D4CB43003142FD /* HikeView.swift */,
				8CD0973824D76B91002EAAD3 /* Home.swift */,
				8C65939624D06582003EC3DC /* LandmarkDetail.swift */,
				8C6593CE24D08BCA003EC3DC /* LandmarkList.swift */,
				8C6593B324D08173003EC3DC /* LandmarkRow.swift */,
				8C6593A824D07602003EC3DC /* MapView.swift */,
				8CD297F124E1AFE800FBDCBB /* PageControl.swift */,
				8CD297E724E1882500FBDCBB /* PageView.swift */,
				8CD297E524E1871900FBDCBB /* PageViewController.swift */,
				8C2D231124DF098900EB2C38 /* ProfileHost.swift */,
				8C33876324DF1FA7003A8507 /* ProfileEditor.swift */,
				8C2D231524DF0B6900EB2C38 /* ProfileSummary.swift */,
			);
			path = Views;
			sourceTree = "<group>";
		};
		8C6593AB24D07F5B003EC3DC /* Models */ = {
			isa = PBXGroup;
			children = (
				8CAD54AB24D4CC67003142FD /* Data.swift */,
				8CAD54A124D4CB5C003142FD /* Hike.swift */,
				8C6593AD24D07F6C003EC3DC /* Landmark.swift */,
				8C2D231324DF09C700EB2C38 /* Profile.swift */,
				8C504CDE24D37BEC00E0AC9F /* UserData.swift */,
			);
			path = Models;
			sourceTree = "<group>";
		};
		8C6593B024D07F74003EC3DC /* Data */ = {
			isa = PBXGroup;
			children = (
				8CAD54A924D4CC47003142FD /* hikeData.json */,
				8C6593B124D07F81003EC3DC /* landmarkData.json */,
			);
			path = Data;
			sourceTree = "<group>";
		};
		8C6593B524D082FC003EC3DC /* Images */ = {
			isa = PBXGroup;
			children = (
				8CD297ED24E1961900FBDCBB /* charleyrivers_feature.jpg */,
				8C504CBD24D1FB2900E0AC9F /* charleyrivers.jpg */,
				8C6593B824D08327003EC3DC /* chilkoottrail.jpg */,
				8C6593BB24D08327003EC3DC /* chincoteague.jpg */,
				8C6593BD24D08327003EC3DC /* hiddenlake.jpg */,
				8C6593B624D08327003EC3DC /* icybay.jpg */,
				8C6593BC24D08327003EC3DC /* lakemcdonald.jpg */,
				8C6593C124D08328003EC3DC /* rainbowlake.jpg */,
				8C6593C024D08328003EC3DC /* silversalmoncreek.jpg */,
				8CD297EB24E1961900FBDCBB /* stmarylake_feature.jpg */,
				8C6593B724D08327003EC3DC /* stmarylake.jpg */,
				8CD297EC24E1961900FBDCBB /* turtlerock_feature.jpg */,
				8C6593B924D08327003EC3DC /* turtlerock.jpg */,
				8C6593BA24D08327003EC3DC /* twinlake.jpg */,
				8C6593BE24D08327003EC3DC /* umbagog.jpg */,
			);
			path = Images;
			sourceTree = "<group>";
		};
/* End PBXGroup section */

/* Begin PBXNativeTarget section */
		8C1A4FC624E4728A00BCBE04 /* MacLandmarks */ = {
			isa = PBXNativeTarget;
			buildConfigurationList = 8C1A4FD724E4728C00BCBE04 /* Build configuration list for PBXNativeTarget "MacLandmarks" */;
			buildPhases = (
				8C1A4FC324E4728A00BCBE04 /* Sources */,
				8C1A4FC424E4728A00BCBE04 /* Frameworks */,
				8C1A4FC524E4728A00BCBE04 /* Resources */,
			);
			buildRules = (
			);
			dependencies = (
			);
			name = MacLandmarks;
			productName = MacLandmarks;
			productReference = 8C1A4FC724E4728A00BCBE04 /* MacLandmarks.app */;
			productType = "com.apple.product-type.application";
		};
		8C2A37AD24E3492A004BF4EB /* WatchLandmarks */ = {
			isa = PBXNativeTarget;
			buildConfigurationList = 8C2A37DA24E3492C004BF4EB /* Build configuration list for PBXNativeTarget "WatchLandmarks" */;
			buildPhases = (
				8C2A37AC24E3492A004BF4EB /* Resources */,
				8C2A37D624E3492C004BF4EB /* Embed App Extensions */,
			);
			buildRules = (
			);
			dependencies = (
				8C2A37BD24E3492B004BF4EB /* PBXTargetDependency */,
			);
			name = WatchLandmarks;
			productName = WatchLandmarks;
			productReference = 8C2A37AE24E3492A004BF4EB /* WatchLandmarks.app */;
			productType = "com.apple.product-type.application.watchapp2";
		};
		8C2A37B924E3492B004BF4EB /* WatchLandmarks Extension */ = {
			isa = PBXNativeTarget;
			buildConfigurationList = 8C2A37D924E3492C004BF4EB /* Build configuration list for PBXNativeTarget "WatchLandmarks Extension" */;
			buildPhases = (
				8C2A37B624E3492B004BF4EB /* Sources */,
				8C2A37B724E3492B004BF4EB /* Frameworks */,
				8C2A37B824E3492B004BF4EB /* Resources */,
			);
			buildRules = (
			);
			dependencies = (
			);
			name = "WatchLandmarks Extension";
			productName = "WatchLandmarks Extension";
			productReference = 8C2A37BA24E3492B004BF4EB /* WatchLandmarks Extension.appex */;
			productType = "com.apple.product-type.watchkit2-extension";
		};
		8C65938E24D06582003EC3DC /* Landmarks */ = {
			isa = PBXNativeTarget;
			buildConfigurationList = 8C6593A324D06584003EC3DC /* Build configuration list for PBXNativeTarget "Landmarks" */;
			buildPhases = (
				8C65938B24D06582003EC3DC /* Sources */,
				8C65938C24D06582003EC3DC /* Frameworks */,
				8C65938D24D06582003EC3DC /* Resources */,
				8C2A37D224E3492C004BF4EB /* Embed Watch Content */,
			);
			buildRules = (
			);
			dependencies = (
				8C2A37D124E3492C004BF4EB /* PBXTargetDependency */,
			);
			name = Landmarks;
			productName = Landmarks;
			productReference = 8C65938F24D06582003EC3DC /* Landmarks.app */;
			productType = "com.apple.product-type.application";
		};
/* End PBXNativeTarget section */

/* Begin PBXProject section */
		8C65938724D06582003EC3DC /* Project object */ = {
			isa = PBXProject;
			attributes = {
				LastSwiftUpdateCheck = 1150;
				LastUpgradeCheck = 1150;
				ORGANIZATIONNAME = "Kuba Suder";
				TargetAttributes = {
					8C1A4FC624E4728A00BCBE04 = {
						CreatedOnToolsVersion = 11.5;
					};
					8C2A37AD24E3492A004BF4EB = {
						CreatedOnToolsVersion = 11.5;
					};
					8C2A37B924E3492B004BF4EB = {
						CreatedOnToolsVersion = 11.5;
					};
					8C65938E24D06582003EC3DC = {
						CreatedOnToolsVersion = 11.5;
					};
				};
			};
			buildConfigurationList = 8C65938A24D06582003EC3DC /* Build configuration list for PBXProject "Landmarks" */;
			compatibilityVersion = "Xcode 9.3";
			developmentRegion = en;
			hasScannedForEncodings = 0;
			knownRegions = (
				en,
				Base,
			);
			mainGroup = 8C65938624D06582003EC3DC;
			productRefGroup = 8C65939024D06582003EC3DC /* Products */;
			projectDirPath = "";
			projectRoot = "";
			targets = (
				8C65938E24D06582003EC3DC /* Landmarks */,
				8C2A37AD24E3492A004BF4EB /* WatchLandmarks */,
				8C2A37B924E3492B004BF4EB /* WatchLandmarks Extension */,
				8C1A4FC624E4728A00BCBE04 /* MacLandmarks */,
			);
		};
/* End PBXProject section */

/* Begin PBXResourcesBuildPhase section */
		8C1A4FC524E4728A00BCBE04 /* Resources */ = {
			isa = PBXResourcesBuildPhase;
			buildActionMask = 2147483647;
			files = (
				8C1A4FE224E486BC00BCBE04 /* charleyrivers.jpg in Resources */,
				8C1A4FE324E486BC00BCBE04 /* chilkoottrail.jpg in Resources */,
				8C1A4FED24E486BC00BCBE04 /* turtlerock.jpg in Resources */,
				8C1A4FE124E486BC00BCBE04 /* charleyrivers_feature.jpg in Resources */,
				8C1A4FEF24E486BC00BCBE04 /* umbagog.jpg in Resources */,
				8C1A4FEA24E486BC00BCBE04 /* stmarylake_feature.jpg in Resources */,
				8C1A4FEE24E486BC00BCBE04 /* twinlake.jpg in Resources */,
				8C1A4FE424E486BC00BCBE04 /* chincoteague.jpg in Resources */,
				8C1A4FE624E486BC00BCBE04 /* icybay.jpg in Resources */,
				8C1A4FE824E486BC00BCBE04 /* rainbowlake.jpg in Resources */,
				8C1A4FDF24E486B700BCBE04 /* hikeData.json in Resources */,
				8C1A4FE724E486BC00BCBE04 /* lakemcdonald.jpg in Resources */,
				8C1A4FD424E4728C00BCBE04 /* Main.storyboard in Resources */,
				8C1A4FEB24E486BC00BCBE04 /* stmarylake.jpg in Resources */,
				8C1A4FEC24E486BC00BCBE04 /* turtlerock_feature.jpg in Resources */,
				8C1A4FD124E4728C00BCBE04 /* Preview Assets.xcassets in Resources */,
				8C1A4FE024E486B700BCBE04 /* landmarkData.json in Resources */,
				8C1A4FE924E486BC00BCBE04 /* silversalmoncreek.jpg in Resources */,
				8C1A4FE524E486BC00BCBE04 /* hiddenlake.jpg in Resources */,
				8C1A4FCE24E4728C00BCBE04 /* Assets.xcassets in Resources */,
			);
			runOnlyForDeploymentPostprocessing = 0;
		};
		8C2A37AC24E3492A004BF4EB /* Resources */ = {
			isa = PBXResourcesBuildPhase;
			buildActionMask = 2147483647;
			files = (
				8C2A37E324E34A16004BF4EB /* Assets.xcassets in Resources */,
				8C2A37B224E3492A004BF4EB /* Interface.storyboard in Resources */,
			);
			runOnlyForDeploymentPostprocessing = 0;
		};
		8C2A37B824E3492B004BF4EB /* Resources */ = {
			isa = PBXResourcesBuildPhase;
			buildActionMask = 2147483647;
			files = (
				8C2A37E724E34A49004BF4EB /* chincoteague.jpg in Resources */,
				8C2A37EF24E34A49004BF4EB /* turtlerock_feature.jpg in Resources */,
				8C2A37EB24E34A49004BF4EB /* rainbowlake.jpg in Resources */,
				8C2A37E424E34A49004BF4EB /* charleyrivers_feature.jpg in Resources */,
				8C2A37F324E34A51004BF4EB /* hikeData.json in Resources */,
				8C2A37F424E34A51004BF4EB /* landmarkData.json in Resources */,
				8C2A37EE24E34A49004BF4EB /* stmarylake.jpg in Resources */,
				8C2A37E924E34A49004BF4EB /* icybay.jpg in Resources */,
				8C2A37EA24E34A49004BF4EB /* lakemcdonald.jpg in Resources */,
				8C2A37CD24E3492C004BF4EB /* Preview Assets.xcassets in Resources */,
				8C2A37CA24E3492C004BF4EB /* Assets.xcassets in Resources */,
				8C2A37F224E34A49004BF4EB /* umbagog.jpg in Resources */,
				8C2A37E624E34A49004BF4EB /* chilkoottrail.jpg in Resources */,
				8C2A37F124E34A49004BF4EB /* twinlake.jpg in Resources */,
				8C2A37EC24E34A49004BF4EB /* silversalmoncreek.jpg in Resources */,
				8C2A37ED24E34A49004BF4EB /* stmarylake_feature.jpg in Resources */,
				8C2A37E524E34A49004BF4EB /* charleyrivers.jpg in Resources */,
				8C2A37E824E34A49004BF4EB /* hiddenlake.jpg in Resources */,
				8C2A37F024E34A49004BF4EB /* turtlerock.jpg in Resources */,
			);
			runOnlyForDeploymentPostprocessing = 0;
		};
		8C65938D24D06582003EC3DC /* Resources */ = {
			isa = PBXResourcesBuildPhase;
			buildActionMask = 2147483647;
			files = (
				8C6593CC24D08328003EC3DC /* silversalmoncreek.jpg in Resources */,
				8C6593C324D08328003EC3DC /* stmarylake.jpg in Resources */,
				8CAD54AA24D4CC47003142FD /* hikeData.json in Resources */,
				8C65939F24D06584003EC3DC /* LaunchScreen.storyboard in Resources */,
				8C6593CA24D08328003EC3DC /* umbagog.jpg in Resources */,
				8C6593C424D08328003EC3DC /* chilkoottrail.jpg in Resources */,
				8C6593B224D07F81003EC3DC /* landmarkData.json in Resources */,
				8C504CBE24D1FB2900E0AC9F /* charleyrivers.jpg in Resources */,
				8C6593C724D08328003EC3DC /* chincoteague.jpg in Resources */,
				8C6593C524D08328003EC3DC /* turtlerock.jpg in Resources */,
				8C65939C24D06584003EC3DC /* Preview Assets.xcassets in Resources */,
				8CD297EE24E1961900FBDCBB /* stmarylake_feature.jpg in Resources */,
				8C6593C824D08328003EC3DC /* lakemcdonald.jpg in Resources */,
				8C6593C624D08328003EC3DC /* twinlake.jpg in Resources */,
				8C6593C224D08328003EC3DC /* icybay.jpg in Resources */,
				8C6593CD24D08328003EC3DC /* rainbowlake.jpg in Resources */,
				8C6593C924D08328003EC3DC /* hiddenlake.jpg in Resources */,
				8CD297F024E1961900FBDCBB /* charleyrivers_feature.jpg in Resources */,
				8C65939924D06584003EC3DC /* Assets.xcassets in Resources */,
				8CD297EF24E1961900FBDCBB /* turtlerock_feature.jpg in Resources */,
			);
			runOnlyForDeploymentPostprocessing = 0;
		};
/* End PBXResourcesBuildPhase section */

/* Begin PBXSourcesBuildPhase section */
		8C1A4FC324E4728A00BCBE04 /* Sources */ = {
			isa = PBXSourcesBuildPhase;
			buildActionMask = 2147483647;
			files = (
				8C1A4FCC24E4728A00BCBE04 /* ContentView.swift in Sources */,
				8C1A4FF524E48F0600BCBE04 /* Filter.swift in Sources */,
				8C1A4FDD24E486B200BCBE04 /* Profile.swift in Sources */,
				8C1A4FDE24E486B200BCBE04 /* UserData.swift in Sources */,
				8C1A4FDA24E486B200BCBE04 /* Data.swift in Sources */,
				8C1A4FF324E48ACF00BCBE04 /* LandmarkList.swift in Sources */,
				8C1A4FDB24E486B200BCBE04 /* Hike.swift in Sources */,
				8C1A4FCA24E4728A00BCBE04 /* AppDelegate.swift in Sources */,
				8C1A4FF124E4881700BCBE04 /* LandmarkRow.swift in Sources */,
				8C1A4FF724E4947300BCBE04 /* NavigationMaster.swift in Sources */,
				8C1A4FDC24E486B200BCBE04 /* Landmark.swift in Sources */,
			);
			runOnlyForDeploymentPostprocessing = 0;
		};
		8C2A37B624E3492B004BF4EB /* Sources */ = {
			isa = PBXSourcesBuildPhase;
			buildActionMask = 2147483647;
			files = (
				8C2A37C224E3492B004BF4EB /* HostingController.swift in Sources */,
				8CB3F01824E3629C00297B0D /* WatchMapView.swift in Sources */,
				8C2A37DB24E349FB004BF4EB /* Data.swift in Sources */,
				8C2A37E124E349FB004BF4EB /* LandmarkRow.swift in Sources */,
				8C1A4FC224E4492A00BCBE04 /* LandmarkList.swift in Sources */,
				8C2A37C024E3492B004BF4EB /* ContentView.swift in Sources */,
				8C2A37DD24E349FB004BF4EB /* Landmark.swift in Sources */,
				8C2A37DC24E349FB004BF4EB /* Hike.swift in Sources */,
				8C2A37C624E3492B004BF4EB /* NotificationController.swift in Sources */,
				8C2A37C424E3492B004BF4EB /* ExtensionDelegate.swift in Sources */,
				8C2A37DE24E349FB004BF4EB /* Profile.swift in Sources */,
				8C2A37F624E34ACF004BF4EB /* WatchLandmarkDetail.swift in Sources */,
				8C2A37E024E349FB004BF4EB /* CircleImage.swift in Sources */,
				8C2A37DF24E349FB004BF4EB /* UserData.swift in Sources */,
				8C2A37C824E3492B004BF4EB /* NotificationView.swift in Sources */,
			);
			runOnlyForDeploymentPostprocessing = 0;
		};
		8C65938B24D06582003EC3DC /* Sources */ = {
			isa = PBXSourcesBuildPhase;
			buildActionMask = 2147483647;
			files = (
				8CAD549A24D4AA46003142FD /* HexagonParameters.swift in Sources */,
				8CAD54A624D4CBDE003142FD /* HikeGraph.swift in Sources */,
				8CD0973924D76B91002EAAD3 /* Home.swift in Sources */,
				8C2D231424DF09C700EB2C38 /* Profile.swift in Sources */,
				8CD297EA24E1960B00FBDCBB /* FeatureCard.swift in Sources */,
				8C33876424DF1FA7003A8507 /* ProfileEditor.swift in Sources */,
				8C6593AF24D07F6C003EC3DC /* Landmark.swift in Sources */,
				8CD297E824E1882500FBDCBB /* PageView.swift in Sources */,
				8CD0973B24D76E76002EAAD3 /* CategoryRow.swift in Sources */,
				8C65939324D06582003EC3DC /* AppDelegate.swift in Sources */,
				8CAD549824D4AA06003142FD /* Badge.swift in Sources */,
				8C6593A724D073F9003EC3DC /* CircleImage.swift in Sources */,
				8CAD54A224D4CB5C003142FD /* Hike.swift in Sources */,
				8C2D231824DF0D9C00EB2C38 /* HikeBadge.swift in Sources */,
				8C6593CF24D08BCA003EC3DC /* LandmarkList.swift in Sources */,
				8CAD54A424D4CBCE003142FD /* HikeDetail.swift in Sources */,
				8CD297E624E1871900FBDCBB /* PageViewController.swift in Sources */,
				8CAD549E24D4B410003142FD /* BadgeSymbol.swift in Sources */,
				8C6593A924D07602003EC3DC /* MapView.swift in Sources */,
				8C2D231624DF0B6900EB2C38 /* ProfileSummary.swift in Sources */,
				8CAD549C24D4B1EB003142FD /* BadgeBackground.swift in Sources */,
				8C65939524D06582003EC3DC /* SceneDelegate.swift in Sources */,
				8C6593B424D08173003EC3DC /* LandmarkRow.swift in Sources */,
				8C504CDF24D37BEC00E0AC9F /* UserData.swift in Sources */,
				8CAD54A024D4CB43003142FD /* HikeView.swift in Sources */,
				8CAD54AC24D4CC67003142FD /* Data.swift in Sources */,
				8CD297F224E1AFE800FBDCBB /* PageControl.swift in Sources */,
				8CAD54A824D4CC2C003142FD /* GraphCapsule.swift in Sources */,
				8C65939724D06582003EC3DC /* LandmarkDetail.swift in Sources */,
				8C2D231224DF098900EB2C38 /* ProfileHost.swift in Sources */,
			);
			runOnlyForDeploymentPostprocessing = 0;
		};
/* End PBXSourcesBuildPhase section */

/* Begin PBXTargetDependency section */
		8C2A37BD24E3492B004BF4EB /* PBXTargetDependency */ = {
			isa = PBXTargetDependency;
			target = 8C2A37B924E3492B004BF4EB /* WatchLandmarks Extension */;
			targetProxy = 8C2A37BC24E3492B004BF4EB /* PBXContainerItemProxy */;
		};
		8C2A37D124E3492C004BF4EB /* PBXTargetDependency */ = {
			isa = PBXTargetDependency;
			target = 8C2A37AD24E3492A004BF4EB /* WatchLandmarks */;
			targetProxy = 8C2A37D024E3492C004BF4EB /* PBXContainerItemProxy */;
		};
/* End PBXTargetDependency section */

/* Begin PBXVariantGroup section */
		8C1A4FD224E4728C00BCBE04 /* Main.storyboard */ = {
			isa = PBXVariantGroup;
			children = (
				8C1A4FD324E4728C00BCBE04 /* Base */,
			);
			name = Main.storyboard;
			sourceTree = "<group>";
		};
		8C2A37B024E3492A004BF4EB /* Interface.storyboard */ = {
			isa = PBXVariantGroup;
			children = (
				8C2A37B124E3492A004BF4EB /* Base */,
			);
			name = Interface.storyboard;
			sourceTree = "<group>";
		};
		8C65939D24D06584003EC3DC /* LaunchScreen.storyboard */ = {
			isa = PBXVariantGroup;
			children = (
				8C65939E24D06584003EC3DC /* Base */,
			);
			name = LaunchScreen.storyboard;
			sourceTree = "<group>";
		};
		8C8CEADF24DF616400F22A21 /* Localizable.strings */ = {
			isa = PBXVariantGroup;
			children = (
				8C8CEADE24DF616400F22A21 /* en */,
			);
			name = Localizable.strings;
			sourceTree = "<group>";
		};
/* End PBXVariantGroup section */

/* Begin XCBuildConfiguration section */
		8C1A4FD824E4728C00BCBE04 /* Debug */ = {
			isa = XCBuildConfiguration;
			buildSettings = {
				ASSETCATALOG_COMPILER_APPICON_NAME = AppIcon;
				CODE_SIGN_ENTITLEMENTS = MacLandmarks/MacLandmarks.entitlements;
				CODE_SIGN_STYLE = Automatic;
				COMBINE_HIDPI_IMAGES = YES;
				DEVELOPMENT_ASSET_PATHS = "\"MacLandmarks/Preview Content\"";
				DEVELOPMENT_TEAM = KL585M628D;
				ENABLE_HARDENED_RUNTIME = YES;
				ENABLE_PREVIEWS = YES;
				INFOPLIST_FILE = MacLandmarks/Info.plist;
				LD_RUNPATH_SEARCH_PATHS = (
					"$(inherited)",
					"@executable_path/../Frameworks",
				);
				MACOSX_DEPLOYMENT_TARGET = 10.15;
				PRODUCT_BUNDLE_IDENTIFIER = eu.mackuba.MacLandmarks;
				PRODUCT_NAME = "$(TARGET_NAME)";
				SDKROOT = macosx;
				SWIFT_VERSION = 5.0;
			};
			name = Debug;
		};
		8C1A4FD924E4728C00BCBE04 /* Release */ = {
			isa = XCBuildConfiguration;
			buildSettings = {
				ASSETCATALOG_COMPILER_APPICON_NAME = AppIcon;
				CODE_SIGN_ENTITLEMENTS = MacLandmarks/MacLandmarks.entitlements;
				CODE_SIGN_STYLE = Automatic;
				COMBINE_HIDPI_IMAGES = YES;
				DEVELOPMENT_ASSET_PATHS = "\"MacLandmarks/Preview Content\"";
				DEVELOPMENT_TEAM = KL585M628D;
				ENABLE_HARDENED_RUNTIME = YES;
				ENABLE_PREVIEWS = YES;
				INFOPLIST_FILE = MacLandmarks/Info.plist;
				LD_RUNPATH_SEARCH_PATHS = (
					"$(inherited)",
					"@executable_path/../Frameworks",
				);
				MACOSX_DEPLOYMENT_TARGET = 10.15;
				PRODUCT_BUNDLE_IDENTIFIER = eu.mackuba.MacLandmarks;
				PRODUCT_NAME = "$(TARGET_NAME)";
				SDKROOT = macosx;
				SWIFT_VERSION = 5.0;
			};
			name = Release;
		};
		8C2A37D424E3492C004BF4EB /* Debug */ = {
			isa = XCBuildConfiguration;
			buildSettings = {
				ALWAYS_EMBED_SWIFT_STANDARD_LIBRARIES = YES;
				ASSETCATALOG_COMPILER_APPICON_NAME = AppIcon;
				CODE_SIGN_STYLE = Automatic;
				DEVELOPMENT_TEAM = KL585M628D;
				IBSC_MODULE = WatchLandmarks_Extension;
				INFOPLIST_FILE = WatchLandmarks/Info.plist;
				PRODUCT_BUNDLE_IDENTIFIER = eu.mackuba.Landmarks.watchkitapp;
				PRODUCT_NAME = "$(TARGET_NAME)";
				SDKROOT = watchos;
				SKIP_INSTALL = YES;
				SWIFT_VERSION = 5.0;
				TARGETED_DEVICE_FAMILY = 4;
				WATCHOS_DEPLOYMENT_TARGET = 6.2;
			};
			name = Debug;
		};
		8C2A37D524E3492C004BF4EB /* Release */ = {
			isa = XCBuildConfiguration;
			buildSettings = {
				ALWAYS_EMBED_SWIFT_STANDARD_LIBRARIES = YES;
				ASSETCATALOG_COMPILER_APPICON_NAME = AppIcon;
				CODE_SIGN_STYLE = Automatic;
				DEVELOPMENT_TEAM = KL585M628D;
				IBSC_MODULE = WatchLandmarks_Extension;
				INFOPLIST_FILE = WatchLandmarks/Info.plist;
				PRODUCT_BUNDLE_IDENTIFIER = eu.mackuba.Landmarks.watchkitapp;
				PRODUCT_NAME = "$(TARGET_NAME)";
				SDKROOT = watchos;
				SKIP_INSTALL = YES;
				SWIFT_VERSION = 5.0;
				TARGETED_DEVICE_FAMILY = 4;
				WATCHOS_DEPLOYMENT_TARGET = 6.2;
			};
			name = Release;
		};
		8C2A37D724E3492C004BF4EB /* Debug */ = {
			isa = XCBuildConfiguration;
			buildSettings = {
				ASSETCATALOG_COMPILER_COMPLICATION_NAME = Complication;
				CODE_SIGN_STYLE = Automatic;
				DEVELOPMENT_ASSET_PATHS = "\"WatchLandmarks Extension/Preview Content\"";
				DEVELOPMENT_TEAM = KL585M628D;
				ENABLE_PREVIEWS = YES;
				INFOPLIST_FILE = "WatchLandmarks Extension/Info.plist";
				LD_RUNPATH_SEARCH_PATHS = (
					"$(inherited)",
					"@executable_path/Frameworks",
					"@executable_path/../../Frameworks",
				);
				PRODUCT_BUNDLE_IDENTIFIER = eu.mackuba.Landmarks.watchkitapp.watchkitextension;
				PRODUCT_NAME = "${TARGET_NAME}";
				SDKROOT = watchos;
				SKIP_INSTALL = YES;
				SWIFT_VERSION = 5.0;
				TARGETED_DEVICE_FAMILY = 4;
				WATCHOS_DEPLOYMENT_TARGET = 6.2;
			};
			name = Debug;
		};
		8C2A37D824E3492C004BF4EB /* Release */ = {
			isa = XCBuildConfiguration;
			buildSettings = {
				ASSETCATALOG_COMPILER_COMPLICATION_NAME = Complication;
				CODE_SIGN_STYLE = Automatic;
				DEVELOPMENT_ASSET_PATHS = "\"WatchLandmarks Extension/Preview Content\"";
				DEVELOPMENT_TEAM = KL585M628D;
				ENABLE_PREVIEWS = YES;
				INFOPLIST_FILE = "WatchLandmarks Extension/Info.plist";
				LD_RUNPATH_SEARCH_PATHS = (
					"$(inherited)",
					"@executable_path/Frameworks",
					"@executable_path/../../Frameworks",
				);
				PRODUCT_BUNDLE_IDENTIFIER = eu.mackuba.Landmarks.watchkitapp.watchkitextension;
				PRODUCT_NAME = "${TARGET_NAME}";
				SDKROOT = watchos;
				SKIP_INSTALL = YES;
				SWIFT_VERSION = 5.0;
				TARGETED_DEVICE_FAMILY = 4;
				WATCHOS_DEPLOYMENT_TARGET = 6.2;
			};
			name = Release;
		};
		8C6593A124D06584003EC3DC /* Debug */ = {
			isa = XCBuildConfiguration;
			buildSettings = {
				ALWAYS_SEARCH_USER_PATHS = NO;
				CLANG_ANALYZER_NONNULL = YES;
				CLANG_ANALYZER_NUMBER_OBJECT_CONVERSION = YES_AGGRESSIVE;
				CLANG_CXX_LANGUAGE_STANDARD = "gnu++14";
				CLANG_CXX_LIBRARY = "libc++";
				CLANG_ENABLE_MODULES = YES;
				CLANG_ENABLE_OBJC_ARC = YES;
				CLANG_ENABLE_OBJC_WEAK = YES;
				CLANG_WARN_BLOCK_CAPTURE_AUTORELEASING = YES;
				CLANG_WARN_BOOL_CONVERSION = YES;
				CLANG_WARN_COMMA = YES;
				CLANG_WARN_CONSTANT_CONVERSION = YES;
				CLANG_WARN_DEPRECATED_OBJC_IMPLEMENTATIONS = YES;
				CLANG_WARN_DIRECT_OBJC_ISA_USAGE = YES_ERROR;
				CLANG_WARN_DOCUMENTATION_COMMENTS = YES;
				CLANG_WARN_EMPTY_BODY = YES;
				CLANG_WARN_ENUM_CONVERSION = YES;
				CLANG_WARN_INFINITE_RECURSION = YES;
				CLANG_WARN_INT_CONVERSION = YES;
				CLANG_WARN_NON_LITERAL_NULL_CONVERSION = YES;
				CLANG_WARN_OBJC_IMPLICIT_RETAIN_SELF = YES;
				CLANG_WARN_OBJC_LITERAL_CONVERSION = YES;
				CLANG_WARN_OBJC_ROOT_CLASS = YES_ERROR;
				CLANG_WARN_RANGE_LOOP_ANALYSIS = YES;
				CLANG_WARN_STRICT_PROTOTYPES = YES;
				CLANG_WARN_SUSPICIOUS_MOVE = YES;
				CLANG_WARN_UNGUARDED_AVAILABILITY = YES_AGGRESSIVE;
				CLANG_WARN_UNREACHABLE_CODE = YES;
				CLANG_WARN__DUPLICATE_METHOD_MATCH = YES;
				COPY_PHASE_STRIP = NO;
				DEBUG_INFORMATION_FORMAT = dwarf;
				ENABLE_STRICT_OBJC_MSGSEND = YES;
				ENABLE_TESTABILITY = YES;
				GCC_C_LANGUAGE_STANDARD = gnu11;
				GCC_DYNAMIC_NO_PIC = NO;
				GCC_NO_COMMON_BLOCKS = YES;
				GCC_OPTIMIZATION_LEVEL = 0;
				GCC_PREPROCESSOR_DEFINITIONS = (
					"DEBUG=1",
					"$(inherited)",
				);
				GCC_WARN_64_TO_32_BIT_CONVERSION = YES;
				GCC_WARN_ABOUT_RETURN_TYPE = YES_ERROR;
				GCC_WARN_UNDECLARED_SELECTOR = YES;
				GCC_WARN_UNINITIALIZED_AUTOS = YES_AGGRESSIVE;
				GCC_WARN_UNUSED_FUNCTION = YES;
				GCC_WARN_UNUSED_VARIABLE = YES;
				IPHONEOS_DEPLOYMENT_TARGET = 13.5;
				MTL_ENABLE_DEBUG_INFO = INCLUDE_SOURCE;
				MTL_FAST_MATH = YES;
				ONLY_ACTIVE_ARCH = YES;
				SDKROOT = iphoneos;
				SWIFT_ACTIVE_COMPILATION_CONDITIONS = DEBUG;
				SWIFT_OPTIMIZATION_LEVEL = "-Onone";
			};
			name = Debug;
		};
		8C6593A224D06584003EC3DC /* Release */ = {
			isa = XCBuildConfiguration;
			buildSettings = {
				ALWAYS_SEARCH_USER_PATHS = NO;
				CLANG_ANALYZER_NONNULL = YES;
				CLANG_ANALYZER_NUMBER_OBJECT_CONVERSION = YES_AGGRESSIVE;
				CLANG_CXX_LANGUAGE_STANDARD = "gnu++14";
				CLANG_CXX_LIBRARY = "libc++";
				CLANG_ENABLE_MODULES = YES;
				CLANG_ENABLE_OBJC_ARC = YES;
				CLANG_ENABLE_OBJC_WEAK = YES;
				CLANG_WARN_BLOCK_CAPTURE_AUTORELEASING = YES;
				CLANG_WARN_BOOL_CONVERSION = YES;
				CLANG_WARN_COMMA = YES;
				CLANG_WARN_CONSTANT_CONVERSION = YES;
				CLANG_WARN_DEPRECATED_OBJC_IMPLEMENTATIONS = YES;
				CLANG_WARN_DIRECT_OBJC_ISA_USAGE = YES_ERROR;
				CLANG_WARN_DOCUMENTATION_COMMENTS = YES;
				CLANG_WARN_EMPTY_BODY = YES;
				CLANG_WARN_ENUM_CONVERSION = YES;
				CLANG_WARN_INFINITE_RECURSION = YES;
				CLANG_WARN_INT_CONVERSION = YES;
				CLANG_WARN_NON_LITERAL_NULL_CONVERSION = YES;
				CLANG_WARN_OBJC_IMPLICIT_RETAIN_SELF = YES;
				CLANG_WARN_OBJC_LITERAL_CONVERSION = YES;
				CLANG_WARN_OBJC_ROOT_CLASS = YES_ERROR;
				CLANG_WARN_RANGE_LOOP_ANALYSIS = YES;
				CLANG_WARN_STRICT_PROTOTYPES = YES;
				CLANG_WARN_SUSPICIOUS_MOVE = YES;
				CLANG_WARN_UNGUARDED_AVAILABILITY = YES_AGGRESSIVE;
				CLANG_WARN_UNREACHABLE_CODE = YES;
				CLANG_WARN__DUPLICATE_METHOD_MATCH = YES;
				COPY_PHASE_STRIP = NO;
				DEBUG_INFORMATION_FORMAT = "dwarf-with-dsym";
				ENABLE_NS_ASSERTIONS = NO;
				ENABLE_STRICT_OBJC_MSGSEND = YES;
				GCC_C_LANGUAGE_STANDARD = gnu11;
				GCC_NO_COMMON_BLOCKS = YES;
				GCC_WARN_64_TO_32_BIT_CONVERSION = YES;
				GCC_WARN_ABOUT_RETURN_TYPE = YES_ERROR;
				GCC_WARN_UNDECLARED_SELECTOR = YES;
				GCC_WARN_UNINITIALIZED_AUTOS = YES_AGGRESSIVE;
				GCC_WARN_UNUSED_FUNCTION = YES;
				GCC_WARN_UNUSED_VARIABLE = YES;
				IPHONEOS_DEPLOYMENT_TARGET = 13.5;
				MTL_ENABLE_DEBUG_INFO = NO;
				MTL_FAST_MATH = YES;
				SDKROOT = iphoneos;
				SWIFT_COMPILATION_MODE = wholemodule;
				SWIFT_OPTIMIZATION_LEVEL = "-O";
				VALIDATE_PRODUCT = YES;
			};
			name = Release;
		};
		8C6593A424D06584003EC3DC /* Debug */ = {
			isa = XCBuildConfiguration;
			buildSettings = {
				ASSETCATALOG_COMPILER_APPICON_NAME = AppIcon;
				CODE_SIGN_STYLE = Automatic;
				DEVELOPMENT_ASSET_PATHS = "\"Landmarks/Preview Content\"";
				DEVELOPMENT_TEAM = KL585M628D;
				ENABLE_PREVIEWS = YES;
				INFOPLIST_FILE = Landmarks/Info.plist;
				LD_RUNPATH_SEARCH_PATHS = (
					"$(inherited)",
					"@executable_path/Frameworks",
				);
				PRODUCT_BUNDLE_IDENTIFIER = eu.mackuba.Landmarks;
				PRODUCT_NAME = "$(TARGET_NAME)";
				SWIFT_VERSION = 5.0;
				TARGETED_DEVICE_FAMILY = "1,2";
			};
			name = Debug;
		};
		8C6593A524D06584003EC3DC /* Release */ = {
			isa = XCBuildConfiguration;
			buildSettings = {
				ASSETCATALOG_COMPILER_APPICON_NAME = AppIcon;
				CODE_SIGN_STYLE = Automatic;
				DEVELOPMENT_ASSET_PATHS = "\"Landmarks/Preview Content\"";
				DEVELOPMENT_TEAM = KL585M628D;
				ENABLE_PREVIEWS = YES;
				INFOPLIST_FILE = Landmarks/Info.plist;
				LD_RUNPATH_SEARCH_PATHS = (
					"$(inherited)",
					"@executable_path/Frameworks",
				);
				PRODUCT_BUNDLE_IDENTIFIER = eu.mackuba.Landmarks;
				PRODUCT_NAME = "$(TARGET_NAME)";
				SWIFT_VERSION = 5.0;
				TARGETED_DEVICE_FAMILY = "1,2";
			};
			name = Release;
		};
/* End XCBuildConfiguration section */

/* Begin XCConfigurationList section */
		8C1A4FD724E4728C00BCBE04 /* Build configuration list for PBXNativeTarget "MacLandmarks" */ = {
			isa = XCConfigurationList;
			buildConfigurations = (
				8C1A4FD824E4728C00BCBE04 /* Debug */,
				8C1A4FD924E4728C00BCBE04 /* Release */,
			);
			defaultConfigurationIsVisible = 0;
			defaultConfigurationName = Release;
		};
		8C2A37D924E3492C004BF4EB /* Build configuration list for PBXNativeTarget "WatchLandmarks Extension" */ = {
			isa = XCConfigurationList;
			buildConfigurations = (
				8C2A37D724E3492C004BF4EB /* Debug */,
				8C2A37D824E3492C004BF4EB /* Release */,
			);
			defaultConfigurationIsVisible = 0;
			defaultConfigurationName = Release;
		};
		8C2A37DA24E3492C004BF4EB /* Build configuration list for PBXNativeTarget "WatchLandmarks" */ = {
			isa = XCConfigurationList;
			buildConfigurations = (
				8C2A37D424E3492C004BF4EB /* Debug */,
				8C2A37D524E3492C004BF4EB /* Release */,
			);
			defaultConfigurationIsVisible = 0;
			defaultConfigurationName = Release;
		};
		8C65938A24D06582003EC3DC /* Build configuration list for PBXProject "Landmarks" */ = {
			isa = XCConfigurationList;
			buildConfigurations = (
				8C6593A124D06584003EC3DC /* Debug */,
				8C6593A224D06584003EC3DC /* Release */,
			);
			defaultConfigurationIsVisible = 0;
			defaultConfigurationName = Release;
		};
		8C6593A324D06584003EC3DC /* Build configuration list for PBXNativeTarget "Landmarks" */ = {
			isa = XCConfigurationList;
			buildConfigurations = (
				8C6593A424D06584003EC3DC /* Debug */,
				8C6593A524D06584003EC3DC /* Release */,
			);
			defaultConfigurationIsVisible = 0;
			defaultConfigurationName = Release;
		};
/* End XCConfigurationList section */
	};
	rootObject = 8C65938724D06582003EC3DC /* Project object */;
}
